// !$*UTF8*$!
{
	archiveVersion = 1;
	classes = {
	};
	objectVersion = 77;
	objects = {

/* Begin PBXBuildFile section */
		03546A15F1A189A7F8418CFD /* mount.c in Sources */ = {isa = PBXBuildFile; fileRef = C741BE27F9BDB9CD9023EF4F /* mount.c */; settings = {COMPILER_FLAGS = "-I$(LINUX_ABI_INCLUDE_ROOT)"; }; };
		03A76FCCC01827AE23273C39 /* RootfsBootstrapTests.m in Sources */ = {isa = PBXBuildFile; fileRef = 84669BD046B2E072890F45A9 /* RootfsBootstrapTests.m */; };
		04F79AADF75A1059C2FF7430 /* memfd_host.c in Sources */ = {isa = PBXBuildFile; fileRef = 0A878354EA6C805950B4E72B /* memfd_host.c */; };
		0B59B8C18B35C87BE0659D6D /* ReadinessTests.m in Sources */ = {isa = PBXBuildFile; fileRef = 3ED2A30FC6E7984CB380A319 /* ReadinessTests.m */; };
		0BF178D86A3C666E8174EFB1 /* exit.c in Sources */ = {isa = PBXBuildFile; fileRef = 5885A2D3F39790AAC62634D5 /* exit.c */; };
		1086E084384918CFDB1A2E8C /* PipeTests.m in Sources */ = {isa = PBXBuildFile; fileRef = CA618FEAE8F896CFDE663429 /* PipeTests.m */; };
		10B126B95667913F860EF403 /* namei.c in Sources */ = {isa = PBXBuildFile; fileRef = C391F80635EE5296CE8C8466 /* namei.c */; };
		13FB5E5B82FE3B5C5391A96B /* LinuxUAPITestSupport.c in Sources */ = {isa = PBXBuildFile; fileRef = 9A8678E28B73B73210D86FAB /* LinuxUAPITestSupport.c */; settings = {COMPILER_FLAGS = "-I$(LINUX_UAPI_INCLUDE_ROOT) -I$(LINUX_UAPI_INCLUDE_ROOT)/uapi"; }; };
		146D62B118F5DC07F20F3ADE /* VFSPathHostBridgeTests.m in Sources */ = {isa = PBXBuildFile; fileRef = 0869AF46EE225A3EF40ACA99 /* VFSPathHostBridgeTests.m */; };
		14CE14D6D679323F2253A9E3 /* FcntlContract.c in Sources */ = {isa = PBXBuildFile; fileRef = 8B16EB2BAE52DD2CC2C1FF77 /* FcntlContract.c */; settings = {COMPILER_FLAGS = "-I$(LINUX_UAPI_INCLUDE_ROOT) -I$(LINUX_UAPI_INCLUDE_ROOT)/uapi"; }; };
		14DEFC9BDE432750E36BB297 /* RootfsBootstrapTests.m in Sources */ = {isa = PBXBuildFile; fileRef = 3A7AB548A9E0653A96E8EE61 /* RootfsBootstrapTests.m */; };
		14F3242DDCC2EB47EC3949CC /* FcntlTests.m in Sources */ = {isa = PBXBuildFile; fileRef = 45D5CBDA9FFBBD3019E7C208 /* FcntlTests.m */; };
		1571C17134FD341921B13C74 /* TaskExecContract.c in Sources */ = {isa = PBXBuildFile; fileRef = 90A08DB89035D1656587D959 /* TaskExecContract.c */; settings = {COMPILER_FLAGS = "-I$(LINUX_UAPI_INCLUDE_ROOT) -I$(LINUX_UAPI_INCLUDE_ROOT)/uapi"; }; };
		17569519F7B7B56C5572BED6 /* path.c in Sources */ = {isa = PBXBuildFile; fileRef = 51D066274EE2D55E90787D9C /* path.c */; };
		19D0AB3586C4FFF3682EE601 /* syscall.c in Sources */ = {isa = PBXBuildFile; fileRef = 2B33B8D1CDFE2966D44963A8 /* syscall.c */; };
		1C5DDE6C6F1D26B8A42FC58D /* PTYSessionContract.c in Sources */ = {isa = PBXBuildFile; fileRef = 6E696362C7EAA577A88F4094 /* PTYSessionContract.c */; settings = {COMPILER_FLAGS = "-I$(LINUX_UAPI_INCLUDE_ROOT) -I$(LINUX_UAPI_INCLUDE_ROOT)/uapi"; }; };
		2077D735BE58886F9AC9D02F /* wait_queue.c in Sources */ = {isa = PBXBuildFile; fileRef = 5CC6F8213130B4F047FBC195 /* wait_queue.c */; };
		23CAFD7E106AACF3B7AA17F4 /* NativeSyscallContract.c in Sources */ = {isa = PBXBuildFile; fileRef = F74A8BBE86DA74ECDE3970D0 /* NativeSyscallContract.c */; settings = {COMPILER_FLAGS = "-I$(LINUX_ABI_INCLUDE_ROOT) -I$(LINUX_UAPI_INCLUDE_ROOT) -I$(LINUX_UAPI_INCLUDE_ROOT)/uapi"; }; };
		23F96E17A5FB5F9FF02C47D1 /* ioctl.c in Sources */ = {isa = PBXBuildFile; fileRef = 43308FAA8FF808B4BF22777C /* ioctl.c */; };
		29E1C2D21F213D5B2A063AFF /* ixland_observability.c in Sources */ = {isa = PBXBuildFile; fileRef = 666A5EE8B497170CF5C3223A /* ixland_observability.c */; };
		2A87FD94AED672D2C4945B04 /* VFSAtContract.c in Sources */ = {isa = PBXBuildFile; fileRef = E1CD35402A585DF342760586 /* VFSAtContract.c */; settings = {COMPILER_FLAGS = "-I$(LINUX_ABI_INCLUDE_ROOT) -I$(LINUX_UAPI_INCLUDE_ROOT) -I$(LINUX_UAPI_INCLUDE_ROOT)/uapi"; }; };
		2D265352D0E476750492B1BF /* poll.c in Sources */ = {isa = PBXBuildFile; fileRef = 88D453F467952833E1FD3D0D /* poll.c */; };
		3655BF1DA2D2D3DA3FAF986A /* time.c in Sources */ = {isa = PBXBuildFile; fileRef = F5240B1F3DC3BDF0ED535D3B /* time.c */; };
		3DEC101077E32C26F85507A0 /* TaskGroupTests.m in Sources */ = {isa = PBXBuildFile; fileRef = 767A8483185FE320714CA54E /* TaskGroupTests.m */; };
		4477D70515F164ECC40AD643 /* SeccompContract.c in Sources */ = {isa = PBXBuildFile; fileRef = AAD8C2616AC6CE42EE595303 /* SeccompContract.c */; settings = {COMPILER_FLAGS = "-I$(LINUX_UAPI_INCLUDE_ROOT) -I$(LINUX_UAPI_INCLUDE_ROOT)/uapi"; }; };
		4A3CD24DAD0E84942B97064B /* libIXLandSystem.a in Frameworks */ = {isa = PBXBuildFile; fileRef = 5E96E95F0B83F5CC63E21913 /* libIXLandSystem.a */; };
		4A59A63F162BBE7A75E78E88 /* NativeSyscallTests.m in Sources */ = {isa = PBXBuildFile; fileRef = 149AD324E25B3578773D3650 /* NativeSyscallTests.m */; };
		4F010A787D2ACDD5E950B529 /* pty.c in Sources */ = {isa = PBXBuildFile; fileRef = 68380C402AE8EF749A28C843 /* pty.c */; };
		524B1B9E713579CC7A24B6D7 /* SignalSyscallContract.c in Sources */ = {isa = PBXBuildFile; fileRef = A335F840745D56551FE0A477 /* SignalSyscallContract.c */; settings = {COMPILER_FLAGS = "-I$(LINUX_UAPI_INCLUDE_ROOT) -I$(LINUX_UAPI_INCLUDE_ROOT)/uapi"; }; };
		536C4CD2454AE81090D76B84 /* UTSContract.c in Sources */ = {isa = PBXBuildFile; fileRef = 93FD7C4E0CECC621AF98E323 /* UTSContract.c */; settings = {COMPILER_FLAGS = "-I$(LINUX_UAPI_INCLUDE_ROOT) -I$(LINUX_UAPI_INCLUDE_ROOT)/uapi"; }; };
		54DA37F691E718EAE597AAD8 /* seccomp.c in Sources */ = {isa = PBXBuildFile; fileRef = 62B98143987220C57A216056 /* seccomp.c */; };
		5773870A2156F8B6827EB2D5 /* network.c in Sources */ = {isa = PBXBuildFile; fileRef = CEC04AD14B572B960464124B /* network.c */; };
		578C4CB3E1760634134B9781 /* signal.c in Sources */ = {isa = PBXBuildFile; fileRef = 9935787E313CB1AD8A576244 /* signal.c */; };
		586F3641CE2CB13F63E94338 /* readdir.c in Sources */ = {isa = PBXBuildFile; fileRef = FE42C3F5F46C53309E18B1A6 /* readdir.c */; };
		58BB480674D62F4FEF77C217 /* random.c in Sources */ = {isa = PBXBuildFile; fileRef = 8BE7B6DDA1A833FE4A6C9194 /* random.c */; };
		59FAAA0B4A3D9EBD3C077FFA /* FutexTests.m in Sources */ = {isa = PBXBuildFile; fileRef = 459682F08054406508BB6491 /* FutexTests.m */; };
		5A3080BEDDB16FA12AE7FF1C /* ProcfsNamespaceContract.c in Sources */ = {isa = PBXBuildFile; fileRef = E2933EB0E7020B9534704648 /* ProcfsNamespaceContract.c */; settings = {COMPILER_FLAGS = "-I$(LINUX_UAPI_INCLUDE_ROOT) -I$(LINUX_UAPI_INCLUDE_ROOT)/uapi"; }; };
		5B16289DBA72694756559233 /* registry.c in Sources */ = {isa = PBXBuildFile; fileRef = F4E2215C61CCAEFB06DDB4FC /* registry.c */; };
		5C2D26EAA916B6D9060B278B /* exec.c in Sources */ = {isa = PBXBuildFile; fileRef = F2D8077FB1F274E58E85378C /* exec.c */; };
		5D1AA08946E9CB8B3AFAE1C6 /* clock.c in Sources */ = {isa = PBXBuildFile; fileRef = FFC9C26D7F3E35F6398D0B73 /* clock.c */; };
		62A929A945C25B5FD11C7F36 /* PTYSessionTests.m in Sources */ = {isa = PBXBuildFile; fileRef = 08ACBEB768F495F5996FAED4 /* PTYSessionTests.m */; };
		62F8665103920E7B7F5DD09A /* UTSTests.m in Sources */ = {isa = PBXBuildFile; fileRef = 6847262E1CEE914C07BE866D /* UTSTests.m */; };
		6B365831A4B17F03AE598CFF /* sys.c in Sources */ = {isa = PBXBuildFile; fileRef = CE4E5039272874EE6A5FFD11 /* sys.c */; };
		6B689996B8A951020685A627 /* VFSPathTests.m in Sources */ = {isa = PBXBuildFile; fileRef = 97089E4A77C673C1280D46C1 /* VFSPathTests.m */; };
		6B765327CCF9FE19CB035CA0 /* KernelInitTests.m in Sources */ = {isa = PBXBuildFile; fileRef = 53E3EED8E60498770B580706 /* KernelInitTests.m */; };
		6DCCC30A9E2767FEAA8316D2 /* vfs.c in Sources */ = {isa = PBXBuildFile; fileRef = CC8A063128CC02CB6B938762 /* vfs.c */; };
		6DDB66316E25F6C1B4B9E2DC /* EpollTests.m in Sources */ = {isa = PBXBuildFile; fileRef = 7810125BDEF6428499A45338 /* EpollTests.m */; };
		70B890304D2A8DBDB1E37441 /* FutexContract.c in Sources */ = {isa = PBXBuildFile; fileRef = E2223F1FD9574F6D12DBCBE9 /* FutexContract.c */; settings = {COMPILER_FLAGS = "-I$(LINUX_UAPI_INCLUDE_ROOT) -I$(LINUX_UAPI_INCLUDE_ROOT)/uapi"; }; };
		70DFBB25D68D1C86B3F68C17 /* epoll_bridge.c in Sources */ = {isa = PBXBuildFile; fileRef = BA898A59834C42247E34F3A2 /* epoll_bridge.c */; };
		71702A8784D42476587D0887 /* exec_context.c in Sources */ = {isa = PBXBuildFile; fileRef = A9306CBCC1D6DF896A69232C /* exec_context.c */; };
		72FE89D08FE3C94D6898AE2E /* xattr.c in Sources */ = {isa = PBXBuildFile; fileRef = BADF6ED531973B1440C2F049 /* xattr.c */; };
		7382EBBD679D92B216EB7155 /* PTYJobControlTests.m in Sources */ = {isa = PBXBuildFile; fileRef = 88CA631FAF0EDC1ABC5785AE /* PTYJobControlTests.m */; };
		76236EBE1D125F243FE8D067 /* sync.c in Sources */ = {isa = PBXBuildFile; fileRef = CC4338AECA611FDBA915367D /* sync.c */; };
		770ABACD2190C861D5E11AC4 /* DevfsContract.c in Sources */ = {isa = PBXBuildFile; fileRef = F78BA3D6A3CC08D9DF7FDC05 /* DevfsContract.c */; settings = {COMPILER_FLAGS = "-I$(LINUX_UAPI_INCLUDE_ROOT) -I$(LINUX_UAPI_INCLUDE_ROOT)/uapi"; }; };
		79618F2FA8335DFFB36D8EF5 /* super.c in Sources */ = {isa = PBXBuildFile; fileRef = 2117B106A13B76478FE5B3A1 /* super.c */; settings = {COMPILER_FLAGS = "-I$(LINUX_ABI_INCLUDE_ROOT)"; }; };
		7A549363DE583E69F024FC2B /* HostTestSupport.c in Sources */ = {isa = PBXBuildFile; fileRef = FFDE13EF2BAECD71C97C7CD4 /* HostTestSupport.c */; };
		7D173007344B22AB3E84EECB /* ptrace.c in Sources */ = {isa = PBXBuildFile; fileRef = 34B9032309DC6260A8D72D8F /* ptrace.c */; };
		7FC2CF492A88F5BDE5A5E8B7 /* HostBridgeSmokeTests.m in Sources */ = {isa = PBXBuildFile; fileRef = 4937592D664709CBF7746315 /* HostBridgeSmokeTests.m */; };
		83F06BCA2B801A0D599FC7B2 /* TaskExecTests.m in Sources */ = {isa = PBXBuildFile; fileRef = 92672608BC0DCE77AA7B30F0 /* TaskExecTests.m */; };
		85446090E824633B84DE19A8 /* libIXLandSystem.a in Frameworks */ = {isa = PBXBuildFile; fileRef = 5E96E95F0B83F5CC63E21913 /* libIXLandSystem.a */; };
		85F42D8D8A97A702E05062F0 /* futex.c in Sources */ = {isa = PBXBuildFile; fileRef = A59E29CD8F09AAF0EF88FE25 /* futex.c */; };
		87046F5302731769EFA41075 /* backing_paths.m in Sources */ = {isa = PBXBuildFile; fileRef = 5FD8D142EC818870892A041C /* backing_paths.m */; };
		89EF08DAA55DB8C17CE9F248 /* SignalTests.m in Sources */ = {isa = PBXBuildFile; fileRef = 39D1B661F15441FB32765EC6 /* SignalTests.m */; };
		8A81463107C3BC70B06B76A2 /* cred.c in Sources */ = {isa = PBXBuildFile; fileRef = 52402BAA17F7390A34354EB6 /* cred.c */; };
		8DF81C1BC8F9CEA110451EED /* PTYSessionIoctlShim.c in Sources */ = {isa = PBXBuildFile; fileRef = 3985C757CC26622864437342 /* PTYSessionIoctlShim.c */; };
		8E72B39E56C082A87659D5FD /* EpollContract.c in Sources */ = {isa = PBXBuildFile; fileRef = 9CF0B32B0919743DEB9B6208 /* EpollContract.c */; settings = {COMPILER_FLAGS = "-I$(LINUX_UAPI_INCLUDE_ROOT) -I$(LINUX_UAPI_INCLUDE_ROOT)/uapi"; }; };
		9067CDC146694F8EC2C351A7 /* sync.c in Sources */ = {isa = PBXBuildFile; fileRef = 8EE1C8B47289B38E402A6EFE /* sync.c */; };
		9147D0CFE189B146C40005BC /* CgroupContract.c in Sources */ = {isa = PBXBuildFile; fileRef = 1B8CE33FAA236932A61212CD /* CgroupContract.c */; settings = {COMPILER_FLAGS = "-I$(LINUX_UAPI_INCLUDE_ROOT) -I$(LINUX_UAPI_INCLUDE_ROOT)/uapi"; }; };
		92F197F28B8A006699CF4DF4 /* task.c in Sources */ = {isa = PBXBuildFile; fileRef = 1196E0E046C9D8486908FEF8 /* task.c */; };
		9756427436DC7C2CED7431EA /* PTYHostBridgeTests.m in Sources */ = {isa = PBXBuildFile; fileRef = D1CA1C465548844BCAD1DDB9 /* PTYHostBridgeTests.m */; };
		99ED796D48D0D6310F4B4ED0 /* PtraceContract.c in Sources */ = {isa = PBXBuildFile; fileRef = 487530C52FF6B5875711C259 /* PtraceContract.c */; settings = {COMPILER_FLAGS = "-I$(LINUX_UAPI_INCLUDE_ROOT) -I$(LINUX_UAPI_INCLUDE_ROOT)/uapi"; }; };
		9ABA5D0A937A9603B4C52A44 /* FutexUAPICompileSmoke.c in Sources */ = {isa = PBXBuildFile; fileRef = 1A78BCCA6E31095ECC4CD43C /* FutexUAPICompileSmoke.c */; settings = {COMPILER_FLAGS = "-I$(LINUX_UAPI_INCLUDE_ROOT) -I$(LINUX_UAPI_INCLUDE_ROOT)/uapi"; }; };
		9B2710699B85D86019F25C7B /* ExecFdContract.c in Sources */ = {isa = PBXBuildFile; fileRef = 2C1E780A747EEBBBE69D1254 /* ExecFdContract.c */; settings = {COMPILER_FLAGS = "-I$(LINUX_UAPI_INCLUDE_ROOT) -I$(LINUX_UAPI_INCLUDE_ROOT)/uapi"; }; };
		9B2810FD1A6C496D805B8873 /* ExecSyscallTests.m in Sources */ = {isa = PBXBuildFile; fileRef = F0779DE3F9EA5B8DE837465B /* ExecSyscallTests.m */; };
		9D945D79C38C42CCC6974356 /* ReadinessContract.c in Sources */ = {isa = PBXBuildFile; fileRef = 109291A8E0DB081C632EA1F4 /* ReadinessContract.c */; settings = {COMPILER_FLAGS = "-I$(LINUX_UAPI_INCLUDE_ROOT) -I$(LINUX_UAPI_INCLUDE_ROOT)/uapi"; }; };
		9F3DFA9314BF7A7DEC556F75 /* CredentialTests.m in Sources */ = {isa = PBXBuildFile; fileRef = 21CC2E1844CDBA597704C111 /* CredentialTests.m */; };
		9F514956A3C3161C5CC61226 /* wait.c in Sources */ = {isa = PBXBuildFile; fileRef = 270F37A8D2223DAAD1C7A498 /* wait.c */; };
		9FB855340C8816E1983BB087 /* fork.c in Sources */ = {isa = PBXBuildFile; fileRef = 384371EDE185511D5F125C45 /* fork.c */; };
		A1D1D69FEF71D56D14746BD3 /* ExecFdTests.m in Sources */ = {isa = PBXBuildFile; fileRef = B9B17DC7494FE76059C4240F /* ExecFdTests.m */; };
		AAA9BE9D37BD920C3558004B /* uio.c in Sources */ = {isa = PBXBuildFile; fileRef = 3DD57637652D4BDB1D78B655 /* uio.c */; settings = {COMPILER_FLAGS = "-I$(LINUX_UAPI_INCLUDE_ROOT) -I$(LINUX_UAPI_INCLUDE_ROOT)/uapi"; }; };
		AAD762203A4D5A0ADEEA2E15 /* WaitJobControlContract.c in Sources */ = {isa = PBXBuildFile; fileRef = 12D46C624EE8732CD9DDF049 /* WaitJobControlContract.c */; settings = {COMPILER_FLAGS = "-I$(LINUX_UAPI_INCLUDE_ROOT) -I$(LINUX_UAPI_INCLUDE_ROOT)/uapi"; }; };
		AB72743BF549341D7BCE59EA /* uts.c in Sources */ = {isa = PBXBuildFile; fileRef = A16E57667D928B55CFDFB726 /* uts.c */; };
		ABDAD895A3CF69CFD8687735 /* PTYJobControlContract.c in Sources */ = {isa = PBXBuildFile; fileRef = D04652572AEE290A130DF174 /* PTYJobControlContract.c */; settings = {COMPILER_FLAGS = "-I$(LINUX_UAPI_INCLUDE_ROOT) -I$(LINUX_UAPI_INCLUDE_ROOT)/uapi"; }; };
		AC68F6A9576024FA180169A3 /* resource.c in Sources */ = {isa = PBXBuildFile; fileRef = 22ED4B4B7E8FD0A20DF3C3C5 /* resource.c */; };
		AEAB38B6EC299D3B7151819C /* init.c in Sources */ = {isa = PBXBuildFile; fileRef = F2D024F0973242458FE50E93 /* init.c */; };
		B091E90173DA91EBE4D74D36 /* SyscallUioContract.c in Sources */ = {isa = PBXBuildFile; fileRef = A6A7BF075D8B9B8821A4F442 /* SyscallUioContract.c */; settings = {COMPILER_FLAGS = "-I$(LINUX_UAPI_INCLUDE_ROOT) -I$(LINUX_UAPI_INCLUDE_ROOT)/uapi"; }; };
		B1AD6A278B1352C350774FB6 /* LinuxUAPICompileSmoke.c in Sources */ = {isa = PBXBuildFile; fileRef = 825904975D6668A8AB125E98 /* LinuxUAPICompileSmoke.c */; settings = {COMPILER_FLAGS = "-I$(LINUX_UAPI_INCLUDE_ROOT) -I$(LINUX_UAPI_INCLUDE_ROOT)/uapi"; }; };
		B3652FB3CF824930B752D537 /* signal_bridge.c in Sources */ = {isa = PBXBuildFile; fileRef = B406B94580B141493CBDB020 /* signal_bridge.c */; };
		B703299D79C3E0410F45B651 /* stat.c in Sources */ = {isa = PBXBuildFile; fileRef = DB47AFBCA86B478A6F48BAE6 /* stat.c */; };
		B7AF63BCEB4DFC0580F085D9 /* pipe.c in Sources */ = {isa = PBXBuildFile; fileRef = 8D6FFBF4642C4BA863155345 /* pipe.c */; };
		B95A722BEEA2E9434FE94AB3 /* cgroup.c in Sources */ = {isa = PBXBuildFile; fileRef = 52DB5EB8721DEBA6EF72C4B8 /* cgroup.c */; };
		BC1D0FD1F164A972ABE63848 /* mm.c in Sources */ = {isa = PBXBuildFile; fileRef = 3B3F41F890EEF93C204A60BE /* mm.c */; };
		BDF939BD18D3AD52DF1096C1 /* DevfsTests.m in Sources */ = {isa = PBXBuildFile; fileRef = F1B5088A9D7529B173DA7B78 /* DevfsTests.m */; };
		BEC5162482C2CB89CBFBAA61 /* fdtable.c in Sources */ = {isa = PBXBuildFile; fileRef = 32C8785EC40C73B387D6237A /* fdtable.c */; };
		BFD9EE2F5076569F82B52499 /* PTYTestSupport.c in Sources */ = {isa = PBXBuildFile; fileRef = ACF34CF0B01083518EF64D1C /* PTYTestSupport.c */; };
		C4EB75804B7F62026355C226 /* eventpoll.c in Sources */ = {isa = PBXBuildFile; fileRef = D46E9099D1DEF53E9F6D3C41 /* eventpoll.c */; };
		CABBE0F9F7AB329F34E5E2AF /* open.c in Sources */ = {isa = PBXBuildFile; fileRef = 4E3BBA7476909DE92B9A8F8D /* open.c */; };
		CF529097BA476D3414418B65 /* KernelInitContract.c in Sources */ = {isa = PBXBuildFile; fileRef = 0B9F6B902F768AA6DE216541 /* KernelInitContract.c */; settings = {COMPILER_FLAGS = "-I$(LINUX_UAPI_INCLUDE_ROOT) -I$(LINUX_UAPI_INCLUDE_ROOT)/uapi"; }; };
		CF8D46E7CCDC5E0A5ABA01A8 /* WaitJobControlTests.m in Sources */ = {isa = PBXBuildFile; fileRef = D7F0E6E3915598F31A30B95A /* WaitJobControlTests.m */; };
		D01F8EE6B1FF4C363A19D2AF /* inode.c in Sources */ = {isa = PBXBuildFile; fileRef = C0A71140476601A06FC988D7 /* inode.c */; };
		D029EB47C0BAF7A69D4E6C12 /* path_host.c in Sources */ = {isa = PBXBuildFile; fileRef = 9400E47E570892E792DD720A /* path_host.c */; };
		D2F1E40B82C0EB49D0B14FF8 /* backing_io.m in Sources */ = {isa = PBXBuildFile; fileRef = 85C6F04780BEA9F2AA85D0E4 /* backing_io.m */; };
		D4D93D90325D5C2CC0416C1F /* PipeContract.c in Sources */ = {isa = PBXBuildFile; fileRef = F976F3BC26F1CA62FF260F51 /* PipeContract.c */; settings = {COMPILER_FLAGS = "-I$(LINUX_UAPI_INCLUDE_ROOT) -I$(LINUX_UAPI_INCLUDE_ROOT)/uapi"; }; };
		D6128AB3C2833819DB3340B6 /* SeccompTests.m in Sources */ = {isa = PBXBuildFile; fileRef = E559C75F43AB7FFC29F0851A /* SeccompTests.m */; };
		D7962EC64A09FB688BF2714B /* backing_io.h in CopyFiles */ = {isa = PBXBuildFile; fileRef = DC6020ECDA4585334611FE7D /* backing_io.h */; };
		D9E9A4ADF886F41734FE3DF1 /* fcntl.c in Sources */ = {isa = PBXBuildFile; fileRef = 177E646BFF798AE08CBEE284 /* fcntl.c */; };
		DA3E8236801C67CD00707E6D /* KernelBootTests.m in Sources */ = {isa = PBXBuildFile; fileRef = B6A8D5B76A1301B4F60794A7 /* KernelBootTests.m */; };
		DF02A81D41A3C724D2620308 /* KernelBoot.c in Sources */ = {isa = PBXBuildFile; fileRef = 38A6AE564B1CF443D8406232 /* KernelBoot.c */; settings = {COMPILER_FLAGS = "-I$(LINUX_UAPI_INCLUDE_ROOT) -I$(LINUX_UAPI_INCLUDE_ROOT)/uapi"; }; };
		E28FDA97934F9A287746F255 /* errno_host.c in Sources */ = {isa = PBXBuildFile; fileRef = B814A84B3136F79F9CA46B29 /* errno_host.c */; };
		E3163A55ED3811BB3D6BA247 /* ExecSyscallContract.c in Sources */ = {isa = PBXBuildFile; fileRef = 008ECDF9EF2E0DDA77DFE526 /* ExecSyscallContract.c */; settings = {COMPILER_FLAGS = "-I$(LINUX_UAPI_INCLUDE_ROOT) -I$(LINUX_UAPI_INCLUDE_ROOT)/uapi"; }; };
		E381E4FC44CB654B02271924 /* CgroupTests.m in Sources */ = {isa = PBXBuildFile; fileRef = 9CEBBD5C53B17029E8EF4F7C /* CgroupTests.m */; };
		E4315DD46B25D84855893D5C /* elf_reloc.c in Sources */ = {isa = PBXBuildFile; fileRef = BB13E6189986C573D19FA8F7 /* elf_reloc.c */; };
		E48B8CCAE1CBE2334B10B819 /* read_write.c in Sources */ = {isa = PBXBuildFile; fileRef = D979F989EC0D2FF286D59733 /* read_write.c */; };
		E4DA2BCDAB4E068849DF6C8E /* PtraceTests.m in Sources */ = {isa = PBXBuildFile; fileRef = 346402DCD55DB2CE76AAB72C /* PtraceTests.m */; };
		E63DDEAC76F748954776BB1D /* open_flags.c in Sources */ = {isa = PBXBuildFile; fileRef = 24774284A6A0B1B645EDD3FD /* open_flags.c */; };
		E6EBC6D734546A272FB292D1 /* pid.c in Sources */ = {isa = PBXBuildFile; fileRef = 4D57509F341C9895C6F7163B /* pid.c */; };
		EAD31A9F0FBB70834677A1B4 /* ProcfsNamespaceTests.m in Sources */ = {isa = PBXBuildFile; fileRef = 609076A6FA0ED286E55F6E97 /* ProcfsNamespaceTests.m */; };
		EDF4855E5B361A767449505F /* path_host.h in CopyFiles */ = {isa = PBXBuildFile; fileRef = C3EB2A52FF9C382BD464F1DD /* path_host.h */; };
		EF0C8EAAC745BFABEF5C11CD /* NamespaceTests.m in Sources */ = {isa = PBXBuildFile; fileRef = FA4DF50460C3F73B826F998F /* NamespaceTests.m */; };
		F6CD3D1C13A0DB0DB86FC220 /* memfd_host.h in CopyFiles */ = {isa = PBXBuildFile; fileRef = 44E40B1129F8ED989D3D56E4 /* memfd_host.h */; };
		F76416F9EEADCF919B8C0FA1 /* NamespaceContract.c in Sources */ = {isa = PBXBuildFile; fileRef = E879B79AB28AE5918F99FAE6 /* NamespaceContract.c */; settings = {COMPILER_FLAGS = "-I$(LINUX_UAPI_INCLUDE_ROOT) -I$(LINUX_UAPI_INCLUDE_ROOT)/uapi"; }; };
		FFE759728F7B2EC121F2D215 /* sync.c in Sources */ = {isa = PBXBuildFile; fileRef = 5D494D6F83176E636A70E6FF /* sync.c */; };
/* End PBXBuildFile section */

/* Begin PBXContainerItemProxy section */
		48EE89B360ADF4E19A7D2583 /* PBXContainerItemProxy */ = {
			isa = PBXContainerItemProxy;
			containerPortal = 12D2D3AB997ABD7C800C24E4 /* Project object */;
			proxyType = 1;
			remoteGlobalIDString = C26651269CFE27B76EFA7EB2;
			remoteInfo = IXLandSystem;
		};
		D5CA3F523210313EA7315987 /* PBXContainerItemProxy */ = {
			isa = PBXContainerItemProxy;
			containerPortal = 12D2D3AB997ABD7C800C24E4 /* Project object */;
			proxyType = 1;
			remoteGlobalIDString = C26651269CFE27B76EFA7EB2;
			remoteInfo = IXLandSystem;
		};
/* End PBXContainerItemProxy section */

/* Begin PBXCopyFilesBuildPhase section */
		E7F9A1262E08E32A45305DF5 /* CopyFiles */ = {
			isa = PBXCopyFilesBuildPhase;
			buildActionMask = 2147483647;
			dstPath = "include/$(PRODUCT_NAME)";
			dstSubfolderSpec = 16;
			files = (
				D7962EC64A09FB688BF2714B /* backing_io.h in CopyFiles */,
				F6CD3D1C13A0DB0DB86FC220 /* memfd_host.h in CopyFiles */,
				EDF4855E5B361A767449505F /* path_host.h in CopyFiles */,
			);
			runOnlyForDeploymentPostprocessing = 0;
		};
/* End PBXCopyFilesBuildPhase section */

/* Begin PBXFileReference section */
		008ECDF9EF2E0DDA77DFE526 /* ExecSyscallContract.c */ = {isa = PBXFileReference; lastKnownFileType = sourcecode.c.c; path = ExecSyscallContract.c; sourceTree = "<group>"; };
		0425E98DF40D1AA450ACD57D /* PTYJobControlContract.h */ = {isa = PBXFileReference; lastKnownFileType = sourcecode.c.h; path = PTYJobControlContract.h; sourceTree = "<group>"; };
		042E556F1EAD33852492F525 /* HostTestSupport.h */ = {isa = PBXFileReference; lastKnownFileType = sourcecode.c.h; path = HostTestSupport.h; sourceTree = "<group>"; };
		0869AF46EE225A3EF40ACA99 /* VFSPathHostBridgeTests.m */ = {isa = PBXFileReference; lastKnownFileType = sourcecode.c.objc; path = VFSPathHostBridgeTests.m; sourceTree = "<group>"; };
		08ACBEB768F495F5996FAED4 /* PTYSessionTests.m */ = {isa = PBXFileReference; lastKnownFileType = sourcecode.c.objc; path = PTYSessionTests.m; sourceTree = "<group>"; };
		0A878354EA6C805950B4E72B /* memfd_host.c */ = {isa = PBXFileReference; lastKnownFileType = sourcecode.c.c; path = memfd_host.c; sourceTree = "<group>"; };
		0B9F6B902F768AA6DE216541 /* KernelInitContract.c */ = {isa = PBXFileReference; lastKnownFileType = sourcecode.c.c; path = KernelInitContract.c; sourceTree = "<group>"; };
		103229A6A603567EF2426C03 /* FutexContract.h */ = {isa = PBXFileReference; lastKnownFileType = sourcecode.c.h; path = FutexContract.h; sourceTree = "<group>"; };
		109291A8E0DB081C632EA1F4 /* ReadinessContract.c */ = {isa = PBXFileReference; lastKnownFileType = sourcecode.c.c; path = ReadinessContract.c; sourceTree = "<group>"; };
		1196E0E046C9D8486908FEF8 /* task.c */ = {isa = PBXFileReference; lastKnownFileType = sourcecode.c.c; path = task.c; sourceTree = "<group>"; };
		12D46C624EE8732CD9DDF049 /* WaitJobControlContract.c */ = {isa = PBXFileReference; lastKnownFileType = sourcecode.c.c; path = WaitJobControlContract.c; sourceTree = "<group>"; };
		149AD324E25B3578773D3650 /* NativeSyscallTests.m */ = {isa = PBXFileReference; lastKnownFileType = sourcecode.c.objc; path = NativeSyscallTests.m; sourceTree = "<group>"; };
		177E646BFF798AE08CBEE284 /* fcntl.c */ = {isa = PBXFileReference; lastKnownFileType = sourcecode.c.c; path = fcntl.c; sourceTree = "<group>"; };
		1A78BCCA6E31095ECC4CD43C /* FutexUAPICompileSmoke.c */ = {isa = PBXFileReference; lastKnownFileType = sourcecode.c.c; path = FutexUAPICompileSmoke.c; sourceTree = "<group>"; };
		1B8CE33FAA236932A61212CD /* CgroupContract.c */ = {isa = PBXFileReference; lastKnownFileType = sourcecode.c.c; path = CgroupContract.c; sourceTree = "<group>"; };
		2117B106A13B76478FE5B3A1 /* super.c */ = {isa = PBXFileReference; lastKnownFileType = sourcecode.c.c; path = super.c; sourceTree = "<group>"; };
		21CC2E1844CDBA597704C111 /* CredentialTests.m */ = {isa = PBXFileReference; lastKnownFileType = sourcecode.c.objc; path = CredentialTests.m; sourceTree = "<group>"; };
		22ED4B4B7E8FD0A20DF3C3C5 /* resource.c */ = {isa = PBXFileReference; lastKnownFileType = sourcecode.c.c; path = resource.c; sourceTree = "<group>"; };
		24774284A6A0B1B645EDD3FD /* open_flags.c */ = {isa = PBXFileReference; lastKnownFileType = sourcecode.c.c; path = open_flags.c; sourceTree = "<group>"; };
		26FDE0ABC08187DD4F536DDB /* PipeContract.h */ = {isa = PBXFileReference; lastKnownFileType = sourcecode.c.h; path = PipeContract.h; sourceTree = "<group>"; };
		270F37A8D2223DAAD1C7A498 /* wait.c */ = {isa = PBXFileReference; lastKnownFileType = sourcecode.c.c; path = wait.c; sourceTree = "<group>"; };
		2B33B8D1CDFE2966D44963A8 /* syscall.c */ = {isa = PBXFileReference; lastKnownFileType = sourcecode.c.c; path = syscall.c; sourceTree = "<group>"; };
		2B7DCCA60C2DAD2E5D6A3677 /* CgroupContract.h */ = {isa = PBXFileReference; lastKnownFileType = sourcecode.c.h; path = CgroupContract.h; sourceTree = "<group>"; };
		2C1E780A747EEBBBE69D1254 /* ExecFdContract.c */ = {isa = PBXFileReference; lastKnownFileType = sourcecode.c.c; path = ExecFdContract.c; sourceTree = "<group>"; };
		32C8785EC40C73B387D6237A /* fdtable.c */ = {isa = PBXFileReference; lastKnownFileType = sourcecode.c.c; path = fdtable.c; sourceTree = "<group>"; };
		346402DCD55DB2CE76AAB72C /* PtraceTests.m */ = {isa = PBXFileReference; lastKnownFileType = sourcecode.c.objc; path = PtraceTests.m; sourceTree = "<group>"; };
		34B9032309DC6260A8D72D8F /* ptrace.c */ = {isa = PBXFileReference; lastKnownFileType = sourcecode.c.c; path = ptrace.c; sourceTree = "<group>"; };
		354EBEFACAC2464AC01B1263 /* NativeSyscallContract.h */ = {isa = PBXFileReference; lastKnownFileType = sourcecode.c.h; path = NativeSyscallContract.h; sourceTree = "<group>"; };
		384371EDE185511D5F125C45 /* fork.c */ = {isa = PBXFileReference; lastKnownFileType = sourcecode.c.c; path = fork.c; sourceTree = "<group>"; };
		38A6AE564B1CF443D8406232 /* KernelBoot.c */ = {isa = PBXFileReference; lastKnownFileType = sourcecode.c.c; path = KernelBoot.c; sourceTree = "<group>"; };
		3985C757CC26622864437342 /* PTYSessionIoctlShim.c */ = {isa = PBXFileReference; lastKnownFileType = sourcecode.c.c; path = PTYSessionIoctlShim.c; sourceTree = "<group>"; };
		39D1B661F15441FB32765EC6 /* SignalTests.m */ = {isa = PBXFileReference; lastKnownFileType = sourcecode.c.objc; path = SignalTests.m; sourceTree = "<group>"; };
		3A7AB548A9E0653A96E8EE61 /* RootfsBootstrapTests.m */ = {isa = PBXFileReference; lastKnownFileType = sourcecode.c.objc; path = RootfsBootstrapTests.m; sourceTree = "<group>"; };
		3B3F41F890EEF93C204A60BE /* mm.c */ = {isa = PBXFileReference; lastKnownFileType = sourcecode.c.c; path = mm.c; sourceTree = "<group>"; };
		3C7B171550BDF4A6257D122F /* EpollContract.h */ = {isa = PBXFileReference; lastKnownFileType = sourcecode.c.h; path = EpollContract.h; sourceTree = "<group>"; };
		3DD57637652D4BDB1D78B655 /* uio.c */ = {isa = PBXFileReference; lastKnownFileType = sourcecode.c.c; path = uio.c; sourceTree = "<group>"; };
		3ED2A30FC6E7984CB380A319 /* ReadinessTests.m */ = {isa = PBXFileReference; lastKnownFileType = sourcecode.c.objc; path = ReadinessTests.m; sourceTree = "<group>"; };
		402731ED4153CDE2D282C8C4 /* IXLandSystemHostBridgeTests.xctest */ = {isa = PBXFileReference; includeInIndex = 0; lastKnownFileType = wrapper.cfbundle; path = IXLandSystemHostBridgeTests.xctest; sourceTree = BUILT_PRODUCTS_DIR; };
		43308FAA8FF808B4BF22777C /* ioctl.c */ = {isa = PBXFileReference; lastKnownFileType = sourcecode.c.c; path = ioctl.c; sourceTree = "<group>"; };
		44E40B1129F8ED989D3D56E4 /* memfd_host.h */ = {isa = PBXFileReference; lastKnownFileType = sourcecode.c.h; path = memfd_host.h; sourceTree = "<group>"; };
		459682F08054406508BB6491 /* FutexTests.m */ = {isa = PBXFileReference; lastKnownFileType = sourcecode.c.objc; path = FutexTests.m; sourceTree = "<group>"; };
		45D5CBDA9FFBBD3019E7C208 /* FcntlTests.m */ = {isa = PBXFileReference; lastKnownFileType = sourcecode.c.objc; path = FcntlTests.m; sourceTree = "<group>"; };
		487530C52FF6B5875711C259 /* PtraceContract.c */ = {isa = PBXFileReference; lastKnownFileType = sourcecode.c.c; path = PtraceContract.c; sourceTree = "<group>"; };
		4937592D664709CBF7746315 /* HostBridgeSmokeTests.m */ = {isa = PBXFileReference; lastKnownFileType = sourcecode.c.objc; path = HostBridgeSmokeTests.m; sourceTree = "<group>"; };
		4CD46E4D30B930D65D067E34 /* ProcfsNamespaceContract.h */ = {isa = PBXFileReference; lastKnownFileType = sourcecode.c.h; path = ProcfsNamespaceContract.h; sourceTree = "<group>"; };
		4D57509F341C9895C6F7163B /* pid.c */ = {isa = PBXFileReference; lastKnownFileType = sourcecode.c.c; path = pid.c; sourceTree = "<group>"; };
		4E143FD29F3D04D92D817CAC /* ReadinessContract.h */ = {isa = PBXFileReference; lastKnownFileType = sourcecode.c.h; path = ReadinessContract.h; sourceTree = "<group>"; };
		4E3BBA7476909DE92B9A8F8D /* open.c */ = {isa = PBXFileReference; lastKnownFileType = sourcecode.c.c; path = open.c; sourceTree = "<group>"; };
		51D066274EE2D55E90787D9C /* path.c */ = {isa = PBXFileReference; lastKnownFileType = sourcecode.c.c; path = path.c; sourceTree = "<group>"; };
		52402BAA17F7390A34354EB6 /* cred.c */ = {isa = PBXFileReference; lastKnownFileType = sourcecode.c.c; path = cred.c; sourceTree = "<group>"; };
		52DB5EB8721DEBA6EF72C4B8 /* cgroup.c */ = {isa = PBXFileReference; lastKnownFileType = sourcecode.c.c; path = cgroup.c; sourceTree = "<group>"; };
		53E3EED8E60498770B580706 /* KernelInitTests.m */ = {isa = PBXFileReference; lastKnownFileType = sourcecode.c.objc; path = KernelInitTests.m; sourceTree = "<group>"; };
		558916AEFBD0039D223D211A /* PTYSessionContract.h */ = {isa = PBXFileReference; lastKnownFileType = sourcecode.c.h; path = PTYSessionContract.h; sourceTree = "<group>"; };
		5885A2D3F39790AAC62634D5 /* exit.c */ = {isa = PBXFileReference; lastKnownFileType = sourcecode.c.c; path = exit.c; sourceTree = "<group>"; };
		5BC97DE08A342CD4299FE7BB /* PTYTestSupport.h */ = {isa = PBXFileReference; lastKnownFileType = sourcecode.c.h; path = PTYTestSupport.h; sourceTree = "<group>"; };
		5CC6F8213130B4F047FBC195 /* wait_queue.c */ = {isa = PBXFileReference; lastKnownFileType = sourcecode.c.c; path = wait_queue.c; sourceTree = "<group>"; };
		5D494D6F83176E636A70E6FF /* sync.c */ = {isa = PBXFileReference; lastKnownFileType = sourcecode.c.c; path = sync.c; sourceTree = "<group>"; };
		5E96E95F0B83F5CC63E21913 /* libIXLandSystem.a */ = {isa = PBXFileReference; includeInIndex = 0; lastKnownFileType = archive.ar; path = libIXLandSystem.a; sourceTree = BUILT_PRODUCTS_DIR; };
		5FD8D142EC818870892A041C /* backing_paths.m */ = {isa = PBXFileReference; lastKnownFileType = sourcecode.c.objc; path = backing_paths.m; sourceTree = "<group>"; };
		609076A6FA0ED286E55F6E97 /* ProcfsNamespaceTests.m */ = {isa = PBXFileReference; lastKnownFileType = sourcecode.c.objc; path = ProcfsNamespaceTests.m; sourceTree = "<group>"; };
		62B98143987220C57A216056 /* seccomp.c */ = {isa = PBXFileReference; lastKnownFileType = sourcecode.c.c; path = seccomp.c; sourceTree = "<group>"; };
		6640AA2FD58BBB9156A69DC3 /* PtraceContract.h */ = {isa = PBXFileReference; lastKnownFileType = sourcecode.c.h; path = PtraceContract.h; sourceTree = "<group>"; };
		666A5EE8B497170CF5C3223A /* ixland_observability.c */ = {isa = PBXFileReference; lastKnownFileType = sourcecode.c.c; path = ixland_observability.c; sourceTree = "<group>"; };
		68380C402AE8EF749A28C843 /* pty.c */ = {isa = PBXFileReference; lastKnownFileType = sourcecode.c.c; path = pty.c; sourceTree = "<group>"; };
		6847262E1CEE914C07BE866D /* UTSTests.m */ = {isa = PBXFileReference; lastKnownFileType = sourcecode.c.objc; path = UTSTests.m; sourceTree = "<group>"; };
		6E696362C7EAA577A88F4094 /* PTYSessionContract.c */ = {isa = PBXFileReference; lastKnownFileType = sourcecode.c.c; path = PTYSessionContract.c; sourceTree = "<group>"; };
		70C8EA01E300933A73D5D81B /* NamespaceContract.h */ = {isa = PBXFileReference; lastKnownFileType = sourcecode.c.h; path = NamespaceContract.h; sourceTree = "<group>"; };
		767A8483185FE320714CA54E /* TaskGroupTests.m */ = {isa = PBXFileReference; lastKnownFileType = sourcecode.c.objc; path = TaskGroupTests.m; sourceTree = "<group>"; };
		7810125BDEF6428499A45338 /* EpollTests.m */ = {isa = PBXFileReference; lastKnownFileType = sourcecode.c.objc; path = EpollTests.m; sourceTree = "<group>"; };
		825904975D6668A8AB125E98 /* LinuxUAPICompileSmoke.c */ = {isa = PBXFileReference; lastKnownFileType = sourcecode.c.c; path = LinuxUAPICompileSmoke.c; sourceTree = "<group>"; };
		84669BD046B2E072890F45A9 /* RootfsBootstrapTests.m */ = {isa = PBXFileReference; lastKnownFileType = sourcecode.c.objc; path = RootfsBootstrapTests.m; sourceTree = "<group>"; };
		85C6F04780BEA9F2AA85D0E4 /* backing_io.m */ = {isa = PBXFileReference; lastKnownFileType = sourcecode.c.objc; path = backing_io.m; sourceTree = "<group>"; };
		88CA631FAF0EDC1ABC5785AE /* PTYJobControlTests.m */ = {isa = PBXFileReference; lastKnownFileType = sourcecode.c.objc; path = PTYJobControlTests.m; sourceTree = "<group>"; };
		88D453F467952833E1FD3D0D /* poll.c */ = {isa = PBXFileReference; lastKnownFileType = sourcecode.c.c; path = poll.c; sourceTree = "<group>"; };
		8B16EB2BAE52DD2CC2C1FF77 /* FcntlContract.c */ = {isa = PBXFileReference; lastKnownFileType = sourcecode.c.c; path = FcntlContract.c; sourceTree = "<group>"; };
		8BE7B6DDA1A833FE4A6C9194 /* random.c */ = {isa = PBXFileReference; lastKnownFileType = sourcecode.c.c; path = random.c; sourceTree = "<group>"; };
		8D6FFBF4642C4BA863155345 /* pipe.c */ = {isa = PBXFileReference; lastKnownFileType = sourcecode.c.c; path = pipe.c; sourceTree = "<group>"; };
		8EE1C8B47289B38E402A6EFE /* sync.c */ = {isa = PBXFileReference; lastKnownFileType = sourcecode.c.c; path = sync.c; sourceTree = "<group>"; };
		90A08DB89035D1656587D959 /* TaskExecContract.c */ = {isa = PBXFileReference; lastKnownFileType = sourcecode.c.c; path = TaskExecContract.c; sourceTree = "<group>"; };
		92672608BC0DCE77AA7B30F0 /* TaskExecTests.m */ = {isa = PBXFileReference; lastKnownFileType = sourcecode.c.objc; path = TaskExecTests.m; sourceTree = "<group>"; };
		93FD7C4E0CECC621AF98E323 /* UTSContract.c */ = {isa = PBXFileReference; lastKnownFileType = sourcecode.c.c; path = UTSContract.c; sourceTree = "<group>"; };
		9400E47E570892E792DD720A /* path_host.c */ = {isa = PBXFileReference; lastKnownFileType = sourcecode.c.c; path = path_host.c; sourceTree = "<group>"; };
		97089E4A77C673C1280D46C1 /* VFSPathTests.m */ = {isa = PBXFileReference; lastKnownFileType = sourcecode.c.objc; path = VFSPathTests.m; sourceTree = "<group>"; };
		991EB1FA0408FBE0CAA6D098 /* UTSContract.h */ = {isa = PBXFileReference; lastKnownFileType = sourcecode.c.h; path = UTSContract.h; sourceTree = "<group>"; };
		9935787E313CB1AD8A576244 /* signal.c */ = {isa = PBXFileReference; lastKnownFileType = sourcecode.c.c; path = signal.c; sourceTree = "<group>"; };
		9A8678E28B73B73210D86FAB /* LinuxUAPITestSupport.c */ = {isa = PBXFileReference; lastKnownFileType = sourcecode.c.c; path = LinuxUAPITestSupport.c; sourceTree = "<group>"; };
		9CEBBD5C53B17029E8EF4F7C /* CgroupTests.m */ = {isa = PBXFileReference; lastKnownFileType = sourcecode.c.objc; path = CgroupTests.m; sourceTree = "<group>"; };
		9CF0B32B0919743DEB9B6208 /* EpollContract.c */ = {isa = PBXFileReference; lastKnownFileType = sourcecode.c.c; path = EpollContract.c; sourceTree = "<group>"; };
		9DB9F3969D27A5F8E14D02C9 /* WaitJobControlContract.h */ = {isa = PBXFileReference; lastKnownFileType = sourcecode.c.h; path = WaitJobControlContract.h; sourceTree = "<group>"; };
		9E81C1980944640AFCDE47C1 /* SignalSyscallContract.h */ = {isa = PBXFileReference; lastKnownFileType = sourcecode.c.h; path = SignalSyscallContract.h; sourceTree = "<group>"; };
		A16E57667D928B55CFDFB726 /* uts.c */ = {isa = PBXFileReference; lastKnownFileType = sourcecode.c.c; path = uts.c; sourceTree = "<group>"; };
		A335F840745D56551FE0A477 /* SignalSyscallContract.c */ = {isa = PBXFileReference; lastKnownFileType = sourcecode.c.c; path = SignalSyscallContract.c; sourceTree = "<group>"; };
		A59E29CD8F09AAF0EF88FE25 /* futex.c */ = {isa = PBXFileReference; lastKnownFileType = sourcecode.c.c; path = futex.c; sourceTree = "<group>"; };
		A6A7BF075D8B9B8821A4F442 /* SyscallUioContract.c */ = {isa = PBXFileReference; lastKnownFileType = sourcecode.c.c; path = SyscallUioContract.c; sourceTree = "<group>"; };
		A9306CBCC1D6DF896A69232C /* exec_context.c */ = {isa = PBXFileReference; lastKnownFileType = sourcecode.c.c; path = exec_context.c; sourceTree = "<group>"; };
		AAD8C2616AC6CE42EE595303 /* SeccompContract.c */ = {isa = PBXFileReference; lastKnownFileType = sourcecode.c.c; path = SeccompContract.c; sourceTree = "<group>"; };
		ACF34CF0B01083518EF64D1C /* PTYTestSupport.c */ = {isa = PBXFileReference; lastKnownFileType = sourcecode.c.c; path = PTYTestSupport.c; sourceTree = "<group>"; };
		B406B94580B141493CBDB020 /* signal_bridge.c */ = {isa = PBXFileReference; lastKnownFileType = sourcecode.c.c; path = signal_bridge.c; sourceTree = "<group>"; };
		B6A8D5B76A1301B4F60794A7 /* KernelBootTests.m */ = {isa = PBXFileReference; lastKnownFileType = sourcecode.c.objc; path = KernelBootTests.m; sourceTree = "<group>"; };
		B814A84B3136F79F9CA46B29 /* errno_host.c */ = {isa = PBXFileReference; lastKnownFileType = sourcecode.c.c; path = errno_host.c; sourceTree = "<group>"; };
		B9B17DC7494FE76059C4240F /* ExecFdTests.m */ = {isa = PBXFileReference; lastKnownFileType = sourcecode.c.objc; path = ExecFdTests.m; sourceTree = "<group>"; };
		BA898A59834C42247E34F3A2 /* epoll_bridge.c */ = {isa = PBXFileReference; lastKnownFileType = sourcecode.c.c; path = epoll_bridge.c; sourceTree = "<group>"; };
		BADF6ED531973B1440C2F049 /* xattr.c */ = {isa = PBXFileReference; lastKnownFileType = sourcecode.c.c; path = xattr.c; sourceTree = "<group>"; };
		BB13E6189986C573D19FA8F7 /* elf_reloc.c */ = {isa = PBXFileReference; lastKnownFileType = sourcecode.c.c; path = elf_reloc.c; sourceTree = "<group>"; };
		C0A71140476601A06FC988D7 /* inode.c */ = {isa = PBXFileReference; lastKnownFileType = sourcecode.c.c; path = inode.c; sourceTree = "<group>"; };
		C0AF109259D4E9A9AD8BF7FA /* DevfsContract.h */ = {isa = PBXFileReference; lastKnownFileType = sourcecode.c.h; path = DevfsContract.h; sourceTree = "<group>"; };
		C391F80635EE5296CE8C8466 /* namei.c */ = {isa = PBXFileReference; lastKnownFileType = sourcecode.c.c; path = namei.c; sourceTree = "<group>"; };
		C3EB2A52FF9C382BD464F1DD /* path_host.h */ = {isa = PBXFileReference; lastKnownFileType = sourcecode.c.h; path = path_host.h; sourceTree = "<group>"; };
		C4C5C23A407BE3551543CCFA /* SeccompContract.h */ = {isa = PBXFileReference; lastKnownFileType = sourcecode.c.h; path = SeccompContract.h; sourceTree = "<group>"; };
		C741BE27F9BDB9CD9023EF4F /* mount.c */ = {isa = PBXFileReference; lastKnownFileType = sourcecode.c.c; path = mount.c; sourceTree = "<group>"; };
		CA618FEAE8F896CFDE663429 /* PipeTests.m */ = {isa = PBXFileReference; lastKnownFileType = sourcecode.c.objc; path = PipeTests.m; sourceTree = "<group>"; };
		CAE358DF2C68D021887020F5 /* LinuxUAPITestSupport.h */ = {isa = PBXFileReference; lastKnownFileType = sourcecode.c.h; path = LinuxUAPITestSupport.h; sourceTree = "<group>"; };
		CC4338AECA611FDBA915367D /* sync.c */ = {isa = PBXFileReference; lastKnownFileType = sourcecode.c.c; path = sync.c; sourceTree = "<group>"; };
		CC8A063128CC02CB6B938762 /* vfs.c */ = {isa = PBXFileReference; lastKnownFileType = sourcecode.c.c; path = vfs.c; sourceTree = "<group>"; };
		CE4E5039272874EE6A5FFD11 /* sys.c */ = {isa = PBXFileReference; lastKnownFileType = sourcecode.c.c; path = sys.c; sourceTree = "<group>"; };
		CEC04AD14B572B960464124B /* network.c */ = {isa = PBXFileReference; lastKnownFileType = sourcecode.c.c; path = network.c; sourceTree = "<group>"; };
		D04652572AEE290A130DF174 /* PTYJobControlContract.c */ = {isa = PBXFileReference; lastKnownFileType = sourcecode.c.c; path = PTYJobControlContract.c; sourceTree = "<group>"; };
		D1CA1C465548844BCAD1DDB9 /* PTYHostBridgeTests.m */ = {isa = PBXFileReference; lastKnownFileType = sourcecode.c.objc; path = PTYHostBridgeTests.m; sourceTree = "<group>"; };
		D46E9099D1DEF53E9F6D3C41 /* eventpoll.c */ = {isa = PBXFileReference; lastKnownFileType = sourcecode.c.c; path = eventpoll.c; sourceTree = "<group>"; };
		D7F0E6E3915598F31A30B95A /* WaitJobControlTests.m */ = {isa = PBXFileReference; lastKnownFileType = sourcecode.c.objc; path = WaitJobControlTests.m; sourceTree = "<group>"; };
		D979F989EC0D2FF286D59733 /* read_write.c */ = {isa = PBXFileReference; lastKnownFileType = sourcecode.c.c; path = read_write.c; sourceTree = "<group>"; };
		DB47AFBCA86B478A6F48BAE6 /* stat.c */ = {isa = PBXFileReference; lastKnownFileType = sourcecode.c.c; path = stat.c; sourceTree = "<group>"; };
		DC6020ECDA4585334611FE7D /* backing_io.h */ = {isa = PBXFileReference; lastKnownFileType = sourcecode.c.h; path = backing_io.h; sourceTree = "<group>"; };
		E1CD35402A585DF342760586 /* VFSAtContract.c */ = {isa = PBXFileReference; lastKnownFileType = sourcecode.c.c; path = VFSAtContract.c; sourceTree = "<group>"; };
		E2223F1FD9574F6D12DBCBE9 /* FutexContract.c */ = {isa = PBXFileReference; lastKnownFileType = sourcecode.c.c; path = FutexContract.c; sourceTree = "<group>"; };
		E2933EB0E7020B9534704648 /* ProcfsNamespaceContract.c */ = {isa = PBXFileReference; lastKnownFileType = sourcecode.c.c; path = ProcfsNamespaceContract.c; sourceTree = "<group>"; };
		E559C75F43AB7FFC29F0851A /* SeccompTests.m */ = {isa = PBXFileReference; lastKnownFileType = sourcecode.c.objc; path = SeccompTests.m; sourceTree = "<group>"; };
		E879B79AB28AE5918F99FAE6 /* NamespaceContract.c */ = {isa = PBXFileReference; lastKnownFileType = sourcecode.c.c; path = NamespaceContract.c; sourceTree = "<group>"; };
		EEDB776FCE5DF1DCD23FF04E /* SyscallUioContract.h */ = {isa = PBXFileReference; lastKnownFileType = sourcecode.c.h; path = SyscallUioContract.h; sourceTree = "<group>"; };
		F0779DE3F9EA5B8DE837465B /* ExecSyscallTests.m */ = {isa = PBXFileReference; lastKnownFileType = sourcecode.c.objc; path = ExecSyscallTests.m; sourceTree = "<group>"; };
		F1B5088A9D7529B173DA7B78 /* DevfsTests.m */ = {isa = PBXFileReference; lastKnownFileType = sourcecode.c.objc; path = DevfsTests.m; sourceTree = "<group>"; };
		F2D024F0973242458FE50E93 /* init.c */ = {isa = PBXFileReference; lastKnownFileType = sourcecode.c.c; path = init.c; sourceTree = "<group>"; };
		F2D8077FB1F274E58E85378C /* exec.c */ = {isa = PBXFileReference; lastKnownFileType = sourcecode.c.c; path = exec.c; sourceTree = "<group>"; };
		F4E2215C61CCAEFB06DDB4FC /* registry.c */ = {isa = PBXFileReference; lastKnownFileType = sourcecode.c.c; path = registry.c; sourceTree = "<group>"; };
		F5240B1F3DC3BDF0ED535D3B /* time.c */ = {isa = PBXFileReference; lastKnownFileType = sourcecode.c.c; path = time.c; sourceTree = "<group>"; };
		F74A8BBE86DA74ECDE3970D0 /* NativeSyscallContract.c */ = {isa = PBXFileReference; lastKnownFileType = sourcecode.c.c; path = NativeSyscallContract.c; sourceTree = "<group>"; };
		F78BA3D6A3CC08D9DF7FDC05 /* DevfsContract.c */ = {isa = PBXFileReference; lastKnownFileType = sourcecode.c.c; path = DevfsContract.c; sourceTree = "<group>"; };
		F8FCAFD0FE57B38F3FF35253 /* IXLandSystemLinuxKernelTests.xctest */ = {isa = PBXFileReference; includeInIndex = 0; lastKnownFileType = wrapper.cfbundle; path = IXLandSystemLinuxKernelTests.xctest; sourceTree = BUILT_PRODUCTS_DIR; };
		F976F3BC26F1CA62FF260F51 /* PipeContract.c */ = {isa = PBXFileReference; lastKnownFileType = sourcecode.c.c; path = PipeContract.c; sourceTree = "<group>"; };
		FA4DF50460C3F73B826F998F /* NamespaceTests.m */ = {isa = PBXFileReference; lastKnownFileType = sourcecode.c.objc; path = NamespaceTests.m; sourceTree = "<group>"; };
		FE42C3F5F46C53309E18B1A6 /* readdir.c */ = {isa = PBXFileReference; lastKnownFileType = sourcecode.c.c; path = readdir.c; sourceTree = "<group>"; };
		FFC9C26D7F3E35F6398D0B73 /* clock.c */ = {isa = PBXFileReference; lastKnownFileType = sourcecode.c.c; path = clock.c; sourceTree = "<group>"; };
		FFDE13EF2BAECD71C97C7CD4 /* HostTestSupport.c */ = {isa = PBXFileReference; lastKnownFileType = sourcecode.c.c; path = HostTestSupport.c; sourceTree = "<group>"; };
/* End PBXFileReference section */

/* Begin PBXFrameworksBuildPhase section */
		E93838380ED72B569FFFEFD4 /* Frameworks */ = {
			isa = PBXFrameworksBuildPhase;
			buildActionMask = 2147483647;
			files = (
				85446090E824633B84DE19A8 /* libIXLandSystem.a in Frameworks */,
			);
			runOnlyForDeploymentPostprocessing = 0;
		};
		F7798A0E88075FE57E8922C3 /* Frameworks */ = {
			isa = PBXFrameworksBuildPhase;
			buildActionMask = 2147483647;
			files = (
				4A3CD24DAD0E84942B97064B /* libIXLandSystem.a in Frameworks */,
			);
			runOnlyForDeploymentPostprocessing = 0;
		};
/* End PBXFrameworksBuildPhase section */

/* Begin PBXGroup section */
		0A9E914616700EA320057839 /* IXLandSystemHostBridgeTests */ = {
			isa = PBXGroup;
			children = (
				4937592D664709CBF7746315 /* HostBridgeSmokeTests.m */,
				FFDE13EF2BAECD71C97C7CD4 /* HostTestSupport.c */,
				042E556F1EAD33852492F525 /* HostTestSupport.h */,
				D1CA1C465548844BCAD1DDB9 /* PTYHostBridgeTests.m */,
				ACF34CF0B01083518EF64D1C /* PTYTestSupport.c */,
				5BC97DE08A342CD4299FE7BB /* PTYTestSupport.h */,
				84669BD046B2E072890F45A9 /* RootfsBootstrapTests.m */,
				0869AF46EE225A3EF40ACA99 /* VFSPathHostBridgeTests.m */,
			);
			path = IXLandSystemHostBridgeTests;
			sourceTree = "<group>";
		};
		138EFB3277165F34A8C9DA96 /* Products */ = {
			isa = PBXGroup;
			children = (
				402731ED4153CDE2D282C8C4 /* IXLandSystemHostBridgeTests.xctest */,
				F8FCAFD0FE57B38F3FF35253 /* IXLandSystemLinuxKernelTests.xctest */,
				5E96E95F0B83F5CC63E21913 /* libIXLandSystem.a */,
			);
			name = Products;
			sourceTree = "<group>";
		};
		24A0610FFD0A4375F30129DC /* native */ = {
			isa = PBXGroup;
			children = (
				F4E2215C61CCAEFB06DDB4FC /* registry.c */,
			);
			path = native;
			sourceTree = "<group>";
		};
		2DD7067B6CD7C7431532844A /* fs */ = {
			isa = PBXGroup;
			children = (
				DC6020ECDA4585334611FE7D /* backing_io.h */,
				85C6F04780BEA9F2AA85D0E4 /* backing_io.m */,
				5FD8D142EC818870892A041C /* backing_paths.m */,
				BA898A59834C42247E34F3A2 /* epoll_bridge.c */,
				B814A84B3136F79F9CA46B29 /* errno_host.c */,
				0A878354EA6C805950B4E72B /* memfd_host.c */,
				44E40B1129F8ED989D3D56E4 /* memfd_host.h */,
				24774284A6A0B1B645EDD3FD /* open_flags.c */,
				9400E47E570892E792DD720A /* path_host.c */,
				C3EB2A52FF9C382BD464F1DD /* path_host.h */,
				CC4338AECA611FDBA915367D /* sync.c */,
			);
			path = fs;
			sourceTree = "<group>";
		};
		314EC764B9F768919129416A /* fs */ = {
			isa = PBXGroup;
			children = (
				D46E9099D1DEF53E9F6D3C41 /* eventpoll.c */,
				F2D8077FB1F274E58E85378C /* exec.c */,
				177E646BFF798AE08CBEE284 /* fcntl.c */,
				32C8785EC40C73B387D6237A /* fdtable.c */,
				C0A71140476601A06FC988D7 /* inode.c */,
				43308FAA8FF808B4BF22777C /* ioctl.c */,
				C741BE27F9BDB9CD9023EF4F /* mount.c */,
				C391F80635EE5296CE8C8466 /* namei.c */,
				4E3BBA7476909DE92B9A8F8D /* open.c */,
				51D066274EE2D55E90787D9C /* path.c */,
				8D6FFBF4642C4BA863155345 /* pipe.c */,
				88D453F467952833E1FD3D0D /* poll.c */,
				68380C402AE8EF749A28C843 /* pty.c */,
				D979F989EC0D2FF286D59733 /* read_write.c */,
				FE42C3F5F46C53309E18B1A6 /* readdir.c */,
				DB47AFBCA86B478A6F48BAE6 /* stat.c */,
				2117B106A13B76478FE5B3A1 /* super.c */,
				3DD57637652D4BDB1D78B655 /* uio.c */,
				CC8A063128CC02CB6B938762 /* vfs.c */,
				BADF6ED531973B1440C2F049 /* xattr.c */,
			);
			path = fs;
			sourceTree = "<group>";
		};
		46418D3ACBD148CE61A26986 /* ios */ = {
			isa = PBXGroup;
			children = (
				2DD7067B6CD7C7431532844A /* fs */,
				72D41D0AD4648ABDD54FD418 /* kernel */,
			);
			path = ios;
			sourceTree = "<group>";
		};
		4B14438707DE5241F1ED4125 /* runtime */ = {
			isa = PBXGroup;
			children = (
				2B33B8D1CDFE2966D44963A8 /* syscall.c */,
				A465A80A23F6D73AFFB42461 /* aarch64 */,
				24A0610FFD0A4375F30129DC /* native */,
			);
			path = runtime;
			sourceTree = "<group>";
		};
		6A94CDCB0031F846B494F26D /* observability */ = {
			isa = PBXGroup;
			children = (
				666A5EE8B497170CF5C3223A /* ixland_observability.c */,
			);
			path = observability;
			sourceTree = "<group>";
		};
		72D41D0AD4648ABDD54FD418 /* kernel */ = {
			isa = PBXGroup;
			children = (
				FFC9C26D7F3E35F6398D0B73 /* clock.c */,
				B406B94580B141493CBDB020 /* signal_bridge.c */,
				8EE1C8B47289B38E402A6EFE /* sync.c */,
			);
			path = kernel;
			sourceTree = "<group>";
		};
		8C8F2FF04FB6203574F2A82A /* IXLandSystemLinuxKernelTests */ = {
			isa = PBXGroup;
			children = (
				1B8CE33FAA236932A61212CD /* CgroupContract.c */,
				2B7DCCA60C2DAD2E5D6A3677 /* CgroupContract.h */,
				9CEBBD5C53B17029E8EF4F7C /* CgroupTests.m */,
				21CC2E1844CDBA597704C111 /* CredentialTests.m */,
				F78BA3D6A3CC08D9DF7FDC05 /* DevfsContract.c */,
				C0AF109259D4E9A9AD8BF7FA /* DevfsContract.h */,
				F1B5088A9D7529B173DA7B78 /* DevfsTests.m */,
				9CF0B32B0919743DEB9B6208 /* EpollContract.c */,
				3C7B171550BDF4A6257D122F /* EpollContract.h */,
				7810125BDEF6428499A45338 /* EpollTests.m */,
				2C1E780A747EEBBBE69D1254 /* ExecFdContract.c */,
				B9B17DC7494FE76059C4240F /* ExecFdTests.m */,
				008ECDF9EF2E0DDA77DFE526 /* ExecSyscallContract.c */,
				F0779DE3F9EA5B8DE837465B /* ExecSyscallTests.m */,
				8B16EB2BAE52DD2CC2C1FF77 /* FcntlContract.c */,
				45D5CBDA9FFBBD3019E7C208 /* FcntlTests.m */,
				E2223F1FD9574F6D12DBCBE9 /* FutexContract.c */,
				103229A6A603567EF2426C03 /* FutexContract.h */,
				459682F08054406508BB6491 /* FutexTests.m */,
				1A78BCCA6E31095ECC4CD43C /* FutexUAPICompileSmoke.c */,
				38A6AE564B1CF443D8406232 /* KernelBoot.c */,
				B6A8D5B76A1301B4F60794A7 /* KernelBootTests.m */,
				0B9F6B902F768AA6DE216541 /* KernelInitContract.c */,
				53E3EED8E60498770B580706 /* KernelInitTests.m */,
				825904975D6668A8AB125E98 /* LinuxUAPICompileSmoke.c */,
				9A8678E28B73B73210D86FAB /* LinuxUAPITestSupport.c */,
				CAE358DF2C68D021887020F5 /* LinuxUAPITestSupport.h */,
				E879B79AB28AE5918F99FAE6 /* NamespaceContract.c */,
				70C8EA01E300933A73D5D81B /* NamespaceContract.h */,
				FA4DF50460C3F73B826F998F /* NamespaceTests.m */,
				F74A8BBE86DA74ECDE3970D0 /* NativeSyscallContract.c */,
				354EBEFACAC2464AC01B1263 /* NativeSyscallContract.h */,
				149AD324E25B3578773D3650 /* NativeSyscallTests.m */,
				F976F3BC26F1CA62FF260F51 /* PipeContract.c */,
				26FDE0ABC08187DD4F536DDB /* PipeContract.h */,
				CA618FEAE8F896CFDE663429 /* PipeTests.m */,
				E2933EB0E7020B9534704648 /* ProcfsNamespaceContract.c */,
				4CD46E4D30B930D65D067E34 /* ProcfsNamespaceContract.h */,
				609076A6FA0ED286E55F6E97 /* ProcfsNamespaceTests.m */,
				487530C52FF6B5875711C259 /* PtraceContract.c */,
				6640AA2FD58BBB9156A69DC3 /* PtraceContract.h */,
				346402DCD55DB2CE76AAB72C /* PtraceTests.m */,
				D04652572AEE290A130DF174 /* PTYJobControlContract.c */,
				0425E98DF40D1AA450ACD57D /* PTYJobControlContract.h */,
				88CA631FAF0EDC1ABC5785AE /* PTYJobControlTests.m */,
				6E696362C7EAA577A88F4094 /* PTYSessionContract.c */,
				558916AEFBD0039D223D211A /* PTYSessionContract.h */,
				3985C757CC26622864437342 /* PTYSessionIoctlShim.c */,
				08ACBEB768F495F5996FAED4 /* PTYSessionTests.m */,
				109291A8E0DB081C632EA1F4 /* ReadinessContract.c */,
				4E143FD29F3D04D92D817CAC /* ReadinessContract.h */,
				3ED2A30FC6E7984CB380A319 /* ReadinessTests.m */,
				3A7AB548A9E0653A96E8EE61 /* RootfsBootstrapTests.m */,
				AAD8C2616AC6CE42EE595303 /* SeccompContract.c */,
				C4C5C23A407BE3551543CCFA /* SeccompContract.h */,
				E559C75F43AB7FFC29F0851A /* SeccompTests.m */,
				A335F840745D56551FE0A477 /* SignalSyscallContract.c */,
				9E81C1980944640AFCDE47C1 /* SignalSyscallContract.h */,
				39D1B661F15441FB32765EC6 /* SignalTests.m */,
				A6A7BF075D8B9B8821A4F442 /* SyscallUioContract.c */,
				EEDB776FCE5DF1DCD23FF04E /* SyscallUioContract.h */,
				90A08DB89035D1656587D959 /* TaskExecContract.c */,
				92672608BC0DCE77AA7B30F0 /* TaskExecTests.m */,
				767A8483185FE320714CA54E /* TaskGroupTests.m */,
				93FD7C4E0CECC621AF98E323 /* UTSContract.c */,
				991EB1FA0408FBE0CAA6D098 /* UTSContract.h */,
				6847262E1CEE914C07BE866D /* UTSTests.m */,
				E1CD35402A585DF342760586 /* VFSAtContract.c */,
				97089E4A77C673C1280D46C1 /* VFSPathTests.m */,
				12D46C624EE8732CD9DDF049 /* WaitJobControlContract.c */,
				9DB9F3969D27A5F8E14D02C9 /* WaitJobControlContract.h */,
				D7F0E6E3915598F31A30B95A /* WaitJobControlTests.m */,
			);
			path = IXLandSystemLinuxKernelTests;
			sourceTree = "<group>";
		};
		A465A80A23F6D73AFFB42461 /* aarch64 */ = {
			isa = PBXGroup;
			children = (
				BB13E6189986C573D19FA8F7 /* elf_reloc.c */,
				A9306CBCC1D6DF896A69232C /* exec_context.c */,
			);
			path = aarch64;
			sourceTree = "<group>";
		};
		CA7D39C4CD3F9CDCD5E9ABA5 /* internal */ = {
			isa = PBXGroup;
			children = (
				46418D3ACBD148CE61A26986 /* ios */,
			);
			path = internal;
			sourceTree = "<group>";
		};
		F20B53E8B2675567C7E843BC = {
			isa = PBXGroup;
			children = (
				314EC764B9F768919129416A /* fs */,
				CA7D39C4CD3F9CDCD5E9ABA5 /* internal */,
				0A9E914616700EA320057839 /* IXLandSystemHostBridgeTests */,
				8C8F2FF04FB6203574F2A82A /* IXLandSystemLinuxKernelTests */,
				F8CCC0A1730EF28F1B056A94 /* kernel */,
				6A94CDCB0031F846B494F26D /* observability */,
				4B14438707DE5241F1ED4125 /* runtime */,
				138EFB3277165F34A8C9DA96 /* Products */,
			);
			sourceTree = "<group>";
		};
		F8290E2DDE1DDF71715AD5D7 /* net */ = {
			isa = PBXGroup;
			children = (
				CEC04AD14B572B960464124B /* network.c */,
			);
			path = net;
			sourceTree = "<group>";
		};
		F8CCC0A1730EF28F1B056A94 /* kernel */ = {
			isa = PBXGroup;
			children = (
				52DB5EB8721DEBA6EF72C4B8 /* cgroup.c */,
				52402BAA17F7390A34354EB6 /* cred.c */,
				5885A2D3F39790AAC62634D5 /* exit.c */,
				384371EDE185511D5F125C45 /* fork.c */,
				A59E29CD8F09AAF0EF88FE25 /* futex.c */,
				F2D024F0973242458FE50E93 /* init.c */,
				3B3F41F890EEF93C204A60BE /* mm.c */,
				4D57509F341C9895C6F7163B /* pid.c */,
				34B9032309DC6260A8D72D8F /* ptrace.c */,
				8BE7B6DDA1A833FE4A6C9194 /* random.c */,
				22ED4B4B7E8FD0A20DF3C3C5 /* resource.c */,
				62B98143987220C57A216056 /* seccomp.c */,
				9935787E313CB1AD8A576244 /* signal.c */,
				5D494D6F83176E636A70E6FF /* sync.c */,
				CE4E5039272874EE6A5FFD11 /* sys.c */,
				1196E0E046C9D8486908FEF8 /* task.c */,
				F5240B1F3DC3BDF0ED535D3B /* time.c */,
				A16E57667D928B55CFDFB726 /* uts.c */,
				5CC6F8213130B4F047FBC195 /* wait_queue.c */,
				270F37A8D2223DAAD1C7A498 /* wait.c */,
				F8290E2DDE1DDF71715AD5D7 /* net */,
			);
			path = kernel;
			sourceTree = "<group>";
		};
/* End PBXGroup section */

/* Begin PBXNativeTarget section */
		3CD1156E92184871A6CBCF1F /* IXLandSystemHostBridgeTests */ = {
			isa = PBXNativeTarget;
			buildConfigurationList = 992E3E5057FE245416AF5523 /* Build configuration list for PBXNativeTarget "IXLandSystemHostBridgeTests" */;
			buildPhases = (
				BB533B8AFAC312CA2FA704B5 /* Sources */,
				F7798A0E88075FE57E8922C3 /* Frameworks */,
			);
			buildRules = (
			);
			dependencies = (
				9D105879E3A181AA9C5DA0F6 /* PBXTargetDependency */,
			);
			name = IXLandSystemHostBridgeTests;
			packageProductDependencies = (
			);
			productName = IXLandSystemHostBridgeTests;
			productReference = 402731ED4153CDE2D282C8C4 /* IXLandSystemHostBridgeTests.xctest */;
			productType = "com.apple.product-type.bundle.unit-test";
		};
		B4B118A427827A89B3C5EED0 /* IXLandSystemLinuxKernelTests */ = {
			isa = PBXNativeTarget;
			buildConfigurationList = 3A932D07CFBC7D27C058A326 /* Build configuration list for PBXNativeTarget "IXLandSystemLinuxKernelTests" */;
			buildPhases = (
				792E1CC11A925FB876F889F9 /* Sources */,
				E93838380ED72B569FFFEFD4 /* Frameworks */,
			);
			buildRules = (
			);
			dependencies = (
				81888BB5481E13CEB1382814 /* PBXTargetDependency */,
			);
			name = IXLandSystemLinuxKernelTests;
			packageProductDependencies = (
			);
			productName = IXLandSystemLinuxKernelTests;
			productReference = F8FCAFD0FE57B38F3FF35253 /* IXLandSystemLinuxKernelTests.xctest */;
			productType = "com.apple.product-type.bundle.unit-test";
		};
		C26651269CFE27B76EFA7EB2 /* IXLandSystem */ = {
			isa = PBXNativeTarget;
			buildConfigurationList = 2F4CB6EAA29F69C9F3FE2CB9 /* Build configuration list for PBXNativeTarget "IXLandSystem" */;
			buildPhases = (
				E7F9A1262E08E32A45305DF5 /* CopyFiles */,
				A8D22F3976B023F7AF349CA6 /* Sources */,
			);
			buildRules = (
			);
			dependencies = (
			);
			name = IXLandSystem;
			packageProductDependencies = (
			);
			productName = IXLandSystem;
			productReference = 5E96E95F0B83F5CC63E21913 /* libIXLandSystem.a */;
			productType = "com.apple.product-type.library.static";
		};
/* End PBXNativeTarget section */

/* Begin PBXProject section */
		12D2D3AB997ABD7C800C24E4 /* Project object */ = {
			isa = PBXProject;
			attributes = {
				BuildIndependentTargetsInParallel = YES;
				LastUpgradeCheck = 1430;
				TargetAttributes = {
				};
			};
			buildConfigurationList = 7405FF56E9DC91265694966A /* Build configuration list for PBXProject "IXLandSystem" */;
			developmentRegion = en;
			hasScannedForEncodings = 0;
			knownRegions = (
				Base,
				en,
			);
			mainGroup = F20B53E8B2675567C7E843BC;
			minimizedProjectReferenceProxies = 1;
			preferredProjectObjectVersion = 77;
			productRefGroup = 138EFB3277165F34A8C9DA96 /* Products */;
			projectDirPath = "";
			projectRoot = "";
			targets = (
				C26651269CFE27B76EFA7EB2 /* IXLandSystem */,
				3CD1156E92184871A6CBCF1F /* IXLandSystemHostBridgeTests */,
				B4B118A427827A89B3C5EED0 /* IXLandSystemLinuxKernelTests */,
			);
		};
/* End PBXProject section */

/* Begin PBXSourcesBuildPhase section */
		792E1CC11A925FB876F889F9 /* Sources */ = {
			isa = PBXSourcesBuildPhase;
			buildActionMask = 2147483647;
			files = (
				9147D0CFE189B146C40005BC /* CgroupContract.c in Sources */,
				E381E4FC44CB654B02271924 /* CgroupTests.m in Sources */,
				9F3DFA9314BF7A7DEC556F75 /* CredentialTests.m in Sources */,
				770ABACD2190C861D5E11AC4 /* DevfsContract.c in Sources */,
				BDF939BD18D3AD52DF1096C1 /* DevfsTests.m in Sources */,
				8E72B39E56C082A87659D5FD /* EpollContract.c in Sources */,
				6DDB66316E25F6C1B4B9E2DC /* EpollTests.m in Sources */,
				9B2710699B85D86019F25C7B /* ExecFdContract.c in Sources */,
				A1D1D69FEF71D56D14746BD3 /* ExecFdTests.m in Sources */,
				E3163A55ED3811BB3D6BA247 /* ExecSyscallContract.c in Sources */,
				9B2810FD1A6C496D805B8873 /* ExecSyscallTests.m in Sources */,
				14CE14D6D679323F2253A9E3 /* FcntlContract.c in Sources */,
				14F3242DDCC2EB47EC3949CC /* FcntlTests.m in Sources */,
				70B890304D2A8DBDB1E37441 /* FutexContract.c in Sources */,
				59FAAA0B4A3D9EBD3C077FFA /* FutexTests.m in Sources */,
				9ABA5D0A937A9603B4C52A44 /* FutexUAPICompileSmoke.c in Sources */,
				DF02A81D41A3C724D2620308 /* KernelBoot.c in Sources */,
				DA3E8236801C67CD00707E6D /* KernelBootTests.m in Sources */,
				CF529097BA476D3414418B65 /* KernelInitContract.c in Sources */,
				6B765327CCF9FE19CB035CA0 /* KernelInitTests.m in Sources */,
				B1AD6A278B1352C350774FB6 /* LinuxUAPICompileSmoke.c in Sources */,
				13FB5E5B82FE3B5C5391A96B /* LinuxUAPITestSupport.c in Sources */,
				F76416F9EEADCF919B8C0FA1 /* NamespaceContract.c in Sources */,
				EF0C8EAAC745BFABEF5C11CD /* NamespaceTests.m in Sources */,
				23CAFD7E106AACF3B7AA17F4 /* NativeSyscallContract.c in Sources */,
				4A59A63F162BBE7A75E78E88 /* NativeSyscallTests.m in Sources */,
				ABDAD895A3CF69CFD8687735 /* PTYJobControlContract.c in Sources */,
				7382EBBD679D92B216EB7155 /* PTYJobControlTests.m in Sources */,
				1C5DDE6C6F1D26B8A42FC58D /* PTYSessionContract.c in Sources */,
				8DF81C1BC8F9CEA110451EED /* PTYSessionIoctlShim.c in Sources */,
				62A929A945C25B5FD11C7F36 /* PTYSessionTests.m in Sources */,
				D4D93D90325D5C2CC0416C1F /* PipeContract.c in Sources */,
				1086E084384918CFDB1A2E8C /* PipeTests.m in Sources */,
				5A3080BEDDB16FA12AE7FF1C /* ProcfsNamespaceContract.c in Sources */,
				EAD31A9F0FBB70834677A1B4 /* ProcfsNamespaceTests.m in Sources */,
				99ED796D48D0D6310F4B4ED0 /* PtraceContract.c in Sources */,
				E4DA2BCDAB4E068849DF6C8E /* PtraceTests.m in Sources */,
				9D945D79C38C42CCC6974356 /* ReadinessContract.c in Sources */,
				0B59B8C18B35C87BE0659D6D /* ReadinessTests.m in Sources */,
				14DEFC9BDE432750E36BB297 /* RootfsBootstrapTests.m in Sources */,
				4477D70515F164ECC40AD643 /* SeccompContract.c in Sources */,
				D6128AB3C2833819DB3340B6 /* SeccompTests.m in Sources */,
				524B1B9E713579CC7A24B6D7 /* SignalSyscallContract.c in Sources */,
				89EF08DAA55DB8C17CE9F248 /* SignalTests.m in Sources */,
				B091E90173DA91EBE4D74D36 /* SyscallUioContract.c in Sources */,
				1571C17134FD341921B13C74 /* TaskExecContract.c in Sources */,
				83F06BCA2B801A0D599FC7B2 /* TaskExecTests.m in Sources */,
				3DEC101077E32C26F85507A0 /* TaskGroupTests.m in Sources */,
				536C4CD2454AE81090D76B84 /* UTSContract.c in Sources */,
				62F8665103920E7B7F5DD09A /* UTSTests.m in Sources */,
				2A87FD94AED672D2C4945B04 /* VFSAtContract.c in Sources */,
				6B689996B8A951020685A627 /* VFSPathTests.m in Sources */,
				AAD762203A4D5A0ADEEA2E15 /* WaitJobControlContract.c in Sources */,
				CF8D46E7CCDC5E0A5ABA01A8 /* WaitJobControlTests.m in Sources */,
			);
			runOnlyForDeploymentPostprocessing = 0;
		};
		A8D22F3976B023F7AF349CA6 /* Sources */ = {
			isa = PBXSourcesBuildPhase;
			buildActionMask = 2147483647;
			files = (
				D2F1E40B82C0EB49D0B14FF8 /* backing_io.m in Sources */,
				87046F5302731769EFA41075 /* backing_paths.m in Sources */,
				B95A722BEEA2E9434FE94AB3 /* cgroup.c in Sources */,
				5D1AA08946E9CB8B3AFAE1C6 /* clock.c in Sources */,
				8A81463107C3BC70B06B76A2 /* cred.c in Sources */,
				E4315DD46B25D84855893D5C /* elf_reloc.c in Sources */,
				70DFBB25D68D1C86B3F68C17 /* epoll_bridge.c in Sources */,
				E28FDA97934F9A287746F255 /* errno_host.c in Sources */,
				C4EB75804B7F62026355C226 /* eventpoll.c in Sources */,
				5C2D26EAA916B6D9060B278B /* exec.c in Sources */,
				71702A8784D42476587D0887 /* exec_context.c in Sources */,
				0BF178D86A3C666E8174EFB1 /* exit.c in Sources */,
				D9E9A4ADF886F41734FE3DF1 /* fcntl.c in Sources */,
				BEC5162482C2CB89CBFBAA61 /* fdtable.c in Sources */,
				9FB855340C8816E1983BB087 /* fork.c in Sources */,
				85F42D8D8A97A702E05062F0 /* futex.c in Sources */,
				AEAB38B6EC299D3B7151819C /* init.c in Sources */,
				D01F8EE6B1FF4C363A19D2AF /* inode.c in Sources */,
				23F96E17A5FB5F9FF02C47D1 /* ioctl.c in Sources */,
				29E1C2D21F213D5B2A063AFF /* ixland_observability.c in Sources */,
				04F79AADF75A1059C2FF7430 /* memfd_host.c in Sources */,
				BC1D0FD1F164A972ABE63848 /* mm.c in Sources */,
				03546A15F1A189A7F8418CFD /* mount.c in Sources */,
				10B126B95667913F860EF403 /* namei.c in Sources */,
				5773870A2156F8B6827EB2D5 /* network.c in Sources */,
				CABBE0F9F7AB329F34E5E2AF /* open.c in Sources */,
				E63DDEAC76F748954776BB1D /* open_flags.c in Sources */,
				17569519F7B7B56C5572BED6 /* path.c in Sources */,
				D029EB47C0BAF7A69D4E6C12 /* path_host.c in Sources */,
				E6EBC6D734546A272FB292D1 /* pid.c in Sources */,
				B7AF63BCEB4DFC0580F085D9 /* pipe.c in Sources */,
				2D265352D0E476750492B1BF /* poll.c in Sources */,
				7D173007344B22AB3E84EECB /* ptrace.c in Sources */,
				4F010A787D2ACDD5E950B529 /* pty.c in Sources */,
				58BB480674D62F4FEF77C217 /* random.c in Sources */,
				E48B8CCAE1CBE2334B10B819 /* read_write.c in Sources */,
				586F3641CE2CB13F63E94338 /* readdir.c in Sources */,
				5B16289DBA72694756559233 /* registry.c in Sources */,
				AC68F6A9576024FA180169A3 /* resource.c in Sources */,
				54DA37F691E718EAE597AAD8 /* seccomp.c in Sources */,
				578C4CB3E1760634134B9781 /* signal.c in Sources */,
				B3652FB3CF824930B752D537 /* signal_bridge.c in Sources */,
				B703299D79C3E0410F45B651 /* stat.c in Sources */,
				79618F2FA8335DFFB36D8EF5 /* super.c in Sources */,
				FFE759728F7B2EC121F2D215 /* sync.c in Sources */,
				9067CDC146694F8EC2C351A7 /* sync.c in Sources */,
				76236EBE1D125F243FE8D067 /* sync.c in Sources */,
				6B365831A4B17F03AE598CFF /* sys.c in Sources */,
				19D0AB3586C4FFF3682EE601 /* syscall.c in Sources */,
				92F197F28B8A006699CF4DF4 /* task.c in Sources */,
				3655BF1DA2D2D3DA3FAF986A /* time.c in Sources */,
				AAA9BE9D37BD920C3558004B /* uio.c in Sources */,
				AB72743BF549341D7BCE59EA /* uts.c in Sources */,
				6DCCC30A9E2767FEAA8316D2 /* vfs.c in Sources */,
				9F514956A3C3161C5CC61226 /* wait.c in Sources */,
				2077D735BE58886F9AC9D02F /* wait_queue.c in Sources */,
				72FE89D08FE3C94D6898AE2E /* xattr.c in Sources */,
			);
			runOnlyForDeploymentPostprocessing = 0;
		};
		BB533B8AFAC312CA2FA704B5 /* Sources */ = {
			isa = PBXSourcesBuildPhase;
			buildActionMask = 2147483647;
			files = (
				7FC2CF492A88F5BDE5A5E8B7 /* HostBridgeSmokeTests.m in Sources */,
				7A549363DE583E69F024FC2B /* HostTestSupport.c in Sources */,
				9756427436DC7C2CED7431EA /* PTYHostBridgeTests.m in Sources */,
				BFD9EE2F5076569F82B52499 /* PTYTestSupport.c in Sources */,
				03A76FCCC01827AE23273C39 /* RootfsBootstrapTests.m in Sources */,
				146D62B118F5DC07F20F3ADE /* VFSPathHostBridgeTests.m in Sources */,
			);
			runOnlyForDeploymentPostprocessing = 0;
		};
/* End PBXSourcesBuildPhase section */

/* Begin PBXTargetDependency section */
		81888BB5481E13CEB1382814 /* PBXTargetDependency */ = {
			isa = PBXTargetDependency;
			target = C26651269CFE27B76EFA7EB2 /* IXLandSystem */;
			targetProxy = 48EE89B360ADF4E19A7D2583 /* PBXContainerItemProxy */;
		};
		9D105879E3A181AA9C5DA0F6 /* PBXTargetDependency */ = {
			isa = PBXTargetDependency;
			target = C26651269CFE27B76EFA7EB2 /* IXLandSystem */;
			targetProxy = D5CA3F523210313EA7315987 /* PBXContainerItemProxy */;
		};
/* End PBXTargetDependency section */

/* Begin XCBuildConfiguration section */
		15FD8CEE5DF62E2C1AA411C7 /* Release */ = {
			isa = XCBuildConfiguration;
			buildSettings = {
				CLANG_ENABLE_OBJC_ARC = YES;
				CLANG_WARN_DOCUMENTATION_COMMENTS = YES;
				GCC_PREPROCESSOR_DEFINITIONS = (
					_XOPEN_SOURCE,
				);
				HEADER_SEARCH_PATHS = (
					"$(SRCROOT)/include",
					"$(SRCROOT)",
					"$(LINUX_UAPI_INCLUDE_ROOT)",
					"$(LINUX_UAPI_INCLUDE_ROOT)/uapi",
				);
				LD_RUNPATH_SEARCH_PATHS = (
					"$(inherited)",
					"@executable_path/Frameworks",
				);
				OTHER_CFLAGS = (
					"-fvisibility=hidden",
				);
				SDKROOT = iphoneos;
				SKIP_INSTALL = YES;
				TARGETED_DEVICE_FAMILY = "1,2";
			};
			name = Release;
		};
		28B5D5F38CCFAC1208E671A1 /* Release */ = {
			isa = XCBuildConfiguration;
			buildSettings = {
				ALWAYS_SEARCH_USER_PATHS = NO;
				CLANG_ANALYZER_NONNULL = YES;
				CLANG_ANALYZER_NUMBER_OBJECT_CONVERSION = YES_AGGRESSIVE;
				CLANG_CXX_LANGUAGE_STANDARD = "gnu++14";
				CLANG_CXX_LIBRARY = "libc++";
				CLANG_ENABLE_MODULES = YES;
				CLANG_ENABLE_OBJC_ARC = YES;
				CLANG_ENABLE_OBJC_WEAK = YES;
				CLANG_WARN_BLOCK_CAPTURE_AUTORELEASING = YES;
				CLANG_WARN_BOOL_CONVERSION = YES;
				CLANG_WARN_COMMA = YES;
				CLANG_WARN_CONSTANT_CONVERSION = YES;
				CLANG_WARN_DEPRECATED_OBJC_IMPLEMENTATIONS = YES;
				CLANG_WARN_DIRECT_OBJC_ISA_USAGE = YES_ERROR;
				CLANG_WARN_DOCUMENTATION_COMMENTS = YES;
				CLANG_WARN_EMPTY_BODY = YES;
				CLANG_WARN_ENUM_CONVERSION = YES;
				CLANG_WARN_INFINITE_RECURSION = YES;
				CLANG_WARN_INT_CONVERSION = YES;
				CLANG_WARN_NON_LITERAL_NULL_CONVERSION = YES;
				CLANG_WARN_OBJC_IMPLICIT_RETAIN_SELF = YES;
				CLANG_WARN_OBJC_LITERAL_CONVERSION = YES;
				CLANG_WARN_OBJC_ROOT_CLASS = YES_ERROR;
				CLANG_WARN_QUOTED_INCLUDE_IN_FRAMEWORK_HEADER = YES;
				CLANG_WARN_RANGE_LOOP_ANALYSIS = YES;
				CLANG_WARN_STRICT_PROTOTYPES = YES;
				CLANG_WARN_SUSPICIOUS_MOVE = YES;
				CLANG_WARN_UNGUARDED_AVAILABILITY = YES_AGGRESSIVE;
				CLANG_WARN_UNREACHABLE_CODE = YES;
				CLANG_WARN__DUPLICATE_METHOD_MATCH = YES;
				COPY_PHASE_STRIP = NO;
				DEBUG_INFORMATION_FORMAT = "dwarf-with-dsym";
				ENABLE_NS_ASSERTIONS = NO;
				ENABLE_STRICT_OBJC_MSGSEND = YES;
				GCC_C_LANGUAGE_STANDARD = gnu11;
				GCC_NO_COMMON_BLOCKS = YES;
				GCC_TREAT_WARNINGS_AS_ERRORS = YES;
				GCC_WARN_64_TO_32_BIT_CONVERSION = YES;
				GCC_WARN_ABOUT_RETURN_TYPE = YES_ERROR;
				GCC_WARN_UNDECLARED_SELECTOR = YES;
				GCC_WARN_UNINITIALIZED_AUTOS = YES_AGGRESSIVE;
				GCC_WARN_UNUSED_FUNCTION = YES;
				GCC_WARN_UNUSED_VARIABLE = YES;
				LINUX_ABI_INCLUDE_ROOT = "$(LINUX_ABI_ROOT)/include";
				LINUX_ABI_ROOT = "$(LINUX_ABI_VENDOR_ROOT)/$(LINUX_UAPI_VERSION)/$(LINUX_UAPI_ARCH)";
				LINUX_ABI_VENDOR_ROOT = "$(SRCROOT)/third_party/linux-abi";
				LINUX_UAPI_ARCH = arm64;
				LINUX_UAPI_INCLUDE_ROOT = "$(LINUX_UAPI_ROOT)/include";
				LINUX_UAPI_ROOT = "$(LINUX_UAPI_VENDOR_ROOT)/$(LINUX_UAPI_VERSION)/$(LINUX_UAPI_ARCH)";
				LINUX_UAPI_VENDOR_ROOT = "$(SRCROOT)/third_party/linux-uapi";
				LINUX_UAPI_VERSION = 6.12;
				MTL_ENABLE_DEBUG_INFO = NO;
				MTL_FAST_MATH = YES;
				PRODUCT_NAME = "$(TARGET_NAME)";
				SDKROOT = iphoneos;
				SWIFT_COMPILATION_MODE = wholemodule;
				SWIFT_OPTIMIZATION_LEVEL = "-O";
				SWIFT_TREAT_WARNINGS_AS_ERRORS = YES;
				SWIFT_VERSION = 5.0;
			};
			name = Release;
		};
		7C3B65824FA2D82BD9F0206F /* Debug */ = {
			isa = XCBuildConfiguration;
			buildSettings = {
				BUNDLE_LOADER = "";
				GENERATE_INFOPLIST_FILE = YES;
				HEADER_SEARCH_PATHS = (
					"$(SRCROOT)/include",
					"$(SRCROOT)",
				);
				LD_RUNPATH_SEARCH_PATHS = (
					"$(inherited)",
					"@executable_path/Frameworks",
					"@loader_path/Frameworks",
				);
				OTHER_LDFLAGS = (
					"$(inherited)",
					"-ObjC",
				);
				SDKROOT = iphoneos;
				TARGETED_DEVICE_FAMILY = "1,2";
			};
			name = Debug;
		};
		B34FB91C790617AF224559E3 /* Release */ = {
			isa = XCBuildConfiguration;
			buildSettings = {
				BUNDLE_LOADER = "";
				GENERATE_INFOPLIST_FILE = YES;
				HEADER_SEARCH_PATHS = (
					"$(SRCROOT)/include",
					"$(SRCROOT)",
					"$(SRCROOT)/internal/ios",
					"$(SRCROOT)/internal/ios/fs",
					"$(SRCROOT)/internal/ios/kernel",
				);
				LD_RUNPATH_SEARCH_PATHS = (
					"$(inherited)",
					"@executable_path/Frameworks",
					"@loader_path/Frameworks",
				);
				OTHER_LDFLAGS = (
					"$(inherited)",
					"-ObjC",
				);
				SDKROOT = iphoneos;
				TARGETED_DEVICE_FAMILY = "1,2";
			};
			name = Release;
		};
		C06B2FACDBE0454DB49BAD98 /* Release */ = {
			isa = XCBuildConfiguration;
			buildSettings = {
				BUNDLE_LOADER = "";
				GENERATE_INFOPLIST_FILE = YES;
				HEADER_SEARCH_PATHS = (
					"$(SRCROOT)/include",
					"$(SRCROOT)",
				);
				LD_RUNPATH_SEARCH_PATHS = (
					"$(inherited)",
					"@executable_path/Frameworks",
					"@loader_path/Frameworks",
				);
				OTHER_LDFLAGS = (
					"$(inherited)",
					"-ObjC",
				);
				SDKROOT = iphoneos;
				TARGETED_DEVICE_FAMILY = "1,2";
			};
			name = Release;
		};
		D29A8ABE1B94F57E94E13AA1 /* Debug */ = {
			isa = XCBuildConfiguration;
			buildSettings = {
				BUNDLE_LOADER = "";
				GENERATE_INFOPLIST_FILE = YES;
				HEADER_SEARCH_PATHS = (
					"$(SRCROOT)/include",
					"$(SRCROOT)",
					"$(SRCROOT)/internal/ios",
					"$(SRCROOT)/internal/ios/fs",
					"$(SRCROOT)/internal/ios/kernel",
				);
				LD_RUNPATH_SEARCH_PATHS = (
					"$(inherited)",
					"@executable_path/Frameworks",
					"@loader_path/Frameworks",
				);
				OTHER_LDFLAGS = (
					"$(inherited)",
					"-ObjC",
				);
				SDKROOT = iphoneos;
				TARGETED_DEVICE_FAMILY = "1,2";
			};
			name = Debug;
		};
		D84B55AF4BD333D1E4CBCFFB /* Debug */ = {
			isa = XCBuildConfiguration;
			buildSettings = {
				CLANG_ENABLE_OBJC_ARC = YES;
				CLANG_WARN_DOCUMENTATION_COMMENTS = YES;
				GCC_PREPROCESSOR_DEFINITIONS = (
					_XOPEN_SOURCE,
				);
				HEADER_SEARCH_PATHS = (
					"$(SRCROOT)/include",
					"$(SRCROOT)",
					"$(LINUX_UAPI_INCLUDE_ROOT)",
					"$(LINUX_UAPI_INCLUDE_ROOT)/uapi",
				);
				LD_RUNPATH_SEARCH_PATHS = (
					"$(inherited)",
					"@executable_path/Frameworks",
				);
				OTHER_CFLAGS = (
					"-fvisibility=hidden",
				);
				SDKROOT = iphoneos;
				SKIP_INSTALL = YES;
				TARGETED_DEVICE_FAMILY = "1,2";
			};
			name = Debug;
		};
		DC3A2AB6CE5E77F3984C319E /* Debug */ = {
			isa = XCBuildConfiguration;
			buildSettings = {
				ALWAYS_SEARCH_USER_PATHS = NO;
				CLANG_ANALYZER_NONNULL = YES;
				CLANG_ANALYZER_NUMBER_OBJECT_CONVERSION = YES_AGGRESSIVE;
				CLANG_CXX_LANGUAGE_STANDARD = "gnu++14";
				CLANG_CXX_LIBRARY = "libc++";
				CLANG_ENABLE_MODULES = YES;
				CLANG_ENABLE_OBJC_ARC = YES;
				CLANG_ENABLE_OBJC_WEAK = YES;
				CLANG_WARN_BLOCK_CAPTURE_AUTORELEASING = YES;
				CLANG_WARN_BOOL_CONVERSION = YES;
				CLANG_WARN_COMMA = YES;
				CLANG_WARN_CONSTANT_CONVERSION = YES;
				CLANG_WARN_DEPRECATED_OBJC_IMPLEMENTATIONS = YES;
				CLANG_WARN_DIRECT_OBJC_ISA_USAGE = YES_ERROR;
				CLANG_WARN_DOCUMENTATION_COMMENTS = YES;
				CLANG_WARN_EMPTY_BODY = YES;
				CLANG_WARN_ENUM_CONVERSION = YES;
				CLANG_WARN_INFINITE_RECURSION = YES;
				CLANG_WARN_INT_CONVERSION = YES;
				CLANG_WARN_NON_LITERAL_NULL_CONVERSION = YES;
				CLANG_WARN_OBJC_IMPLICIT_RETAIN_SELF = YES;
				CLANG_WARN_OBJC_LITERAL_CONVERSION = YES;
				CLANG_WARN_OBJC_ROOT_CLASS = YES_ERROR;
				CLANG_WARN_QUOTED_INCLUDE_IN_FRAMEWORK_HEADER = YES;
				CLANG_WARN_RANGE_LOOP_ANALYSIS = YES;
				CLANG_WARN_STRICT_PROTOTYPES = YES;
				CLANG_WARN_SUSPICIOUS_MOVE = YES;
				CLANG_WARN_UNGUARDED_AVAILABILITY = YES_AGGRESSIVE;
				CLANG_WARN_UNREACHABLE_CODE = YES;
				CLANG_WARN__DUPLICATE_METHOD_MATCH = YES;
				COPY_PHASE_STRIP = NO;
				DEBUG_INFORMATION_FORMAT = dwarf;
				ENABLE_STRICT_OBJC_MSGSEND = YES;
				ENABLE_TESTABILITY = YES;
				GCC_C_LANGUAGE_STANDARD = gnu11;
				GCC_DYNAMIC_NO_PIC = NO;
				GCC_NO_COMMON_BLOCKS = YES;
				GCC_OPTIMIZATION_LEVEL = 0;
				GCC_PREPROCESSOR_DEFINITIONS = (
					"$(inherited)",
					"DEBUG=1",
				);
				GCC_TREAT_WARNINGS_AS_ERRORS = YES;
				GCC_WARN_64_TO_32_BIT_CONVERSION = YES;
				GCC_WARN_ABOUT_RETURN_TYPE = YES_ERROR;
				GCC_WARN_UNDECLARED_SELECTOR = YES;
				GCC_WARN_UNINITIALIZED_AUTOS = YES_AGGRESSIVE;
				GCC_WARN_UNUSED_FUNCTION = YES;
				GCC_WARN_UNUSED_VARIABLE = YES;
				LINUX_ABI_INCLUDE_ROOT = "$(LINUX_ABI_ROOT)/include";
				LINUX_ABI_ROOT = "$(LINUX_ABI_VENDOR_ROOT)/$(LINUX_UAPI_VERSION)/$(LINUX_UAPI_ARCH)";
				LINUX_ABI_VENDOR_ROOT = "$(SRCROOT)/third_party/linux-abi";
				LINUX_UAPI_ARCH = arm64;
				LINUX_UAPI_INCLUDE_ROOT = "$(LINUX_UAPI_ROOT)/include";
				LINUX_UAPI_ROOT = "$(LINUX_UAPI_VENDOR_ROOT)/$(LINUX_UAPI_VERSION)/$(LINUX_UAPI_ARCH)";
				LINUX_UAPI_VENDOR_ROOT = "$(SRCROOT)/third_party/linux-uapi";
				LINUX_UAPI_VERSION = 6.12;
				MTL_ENABLE_DEBUG_INFO = INCLUDE_SOURCE;
				MTL_FAST_MATH = YES;
				ONLY_ACTIVE_ARCH = YES;
				PRODUCT_NAME = "$(TARGET_NAME)";
				SDKROOT = iphoneos;
				SWIFT_ACTIVE_COMPILATION_CONDITIONS = DEBUG;
				SWIFT_OPTIMIZATION_LEVEL = "-Onone";
				SWIFT_TREAT_WARNINGS_AS_ERRORS = YES;
				SWIFT_VERSION = 5.0;
			};
			name = Debug;
		};
/* End XCBuildConfiguration section */

/* Begin XCConfigurationList section */
		2F4CB6EAA29F69C9F3FE2CB9 /* Build configuration list for PBXNativeTarget "IXLandSystem" */ = {
			isa = XCConfigurationList;
			buildConfigurations = (
				D84B55AF4BD333D1E4CBCFFB /* Debug */,
				15FD8CEE5DF62E2C1AA411C7 /* Release */,
			);
			defaultConfigurationIsVisible = 0;
			defaultConfigurationName = Debug;
		};
		3A932D07CFBC7D27C058A326 /* Build configuration list for PBXNativeTarget "IXLandSystemLinuxKernelTests" */ = {
			isa = XCConfigurationList;
			buildConfigurations = (
				7C3B65824FA2D82BD9F0206F /* Debug */,
				C06B2FACDBE0454DB49BAD98 /* Release */,
			);
			defaultConfigurationIsVisible = 0;
			defaultConfigurationName = Debug;
		};
		7405FF56E9DC91265694966A /* Build configuration list for PBXProject "IXLandSystem" */ = {
			isa = XCConfigurationList;
			buildConfigurations = (
				DC3A2AB6CE5E77F3984C319E /* Debug */,
				28B5D5F38CCFAC1208E671A1 /* Release */,
			);
			defaultConfigurationIsVisible = 0;
			defaultConfigurationName = Debug;
		};
		992E3E5057FE245416AF5523 /* Build configuration list for PBXNativeTarget "IXLandSystemHostBridgeTests" */ = {
			isa = XCConfigurationList;
			buildConfigurations = (
				D29A8ABE1B94F57E94E13AA1 /* Debug */,
				B34FB91C790617AF224559E3 /* Release */,
			);
			defaultConfigurationIsVisible = 0;
			defaultConfigurationName = Debug;
		};
/* End XCConfigurationList section */
	};
	rootObject = 12D2D3AB997ABD7C800C24E4 /* Project object */;
}
